// !$*UTF8*$!
{
	archiveVersion = 1;
	classes = {
	};
	objectVersion = 46;
	objects = {

/* Begin PBXBuildFile section */
		6158CC1FCD8D41799C0907C9 /* libPods.a in Frameworks */ = {isa = PBXBuildFile; fileRef = 143D673615D44581927CF7C9 /* libPods.a */; };
		EA5F26AB1ABB426800E2F2F9 /* MSV1configurationApi.m in Sources */ = {isa = PBXBuildFile; fileRef = EA5F26921ABB426800E2F2F9 /* MSV1configurationApi.m */; };
		EA5F26AC1ABB426800E2F2F9 /* MSV1devicesApi.m in Sources */ = {isa = PBXBuildFile; fileRef = EA5F26941ABB426800E2F2F9 /* MSV1devicesApi.m */; };
		EA5F26AD1ABB426800E2F2F9 /* MSV1documentsApi.m in Sources */ = {isa = PBXBuildFile; fileRef = EA5F26961ABB426800E2F2F9 /* MSV1documentsApi.m */; };
		EA5F26AE1ABB426800E2F2F9 /* MSV1evidencesApi.m in Sources */ = {isa = PBXBuildFile; fileRef = EA5F26981ABB426800E2F2F9 /* MSV1evidencesApi.m */; };
		EA5F26AF1ABB426800E2F2F9 /* MSV1messagesApi.m in Sources */ = {isa = PBXBuildFile; fileRef = EA5F269A1ABB426800E2F2F9 /* MSV1messagesApi.m */; };
		EA5F26B01ABB426800E2F2F9 /* MSV1notificationsApi.m in Sources */ = {isa = PBXBuildFile; fileRef = EA5F269C1ABB426800E2F2F9 /* MSV1notificationsApi.m */; };
		EA5F26B11ABB426800E2F2F9 /* MSV1oauthApi.m in Sources */ = {isa = PBXBuildFile; fileRef = EA5F269E1ABB426800E2F2F9 /* MSV1oauthApi.m */; };
		EA5F26B21ABB426800E2F2F9 /* MSV1signaturesApi.m in Sources */ = {isa = PBXBuildFile; fileRef = EA5F26A01ABB426800E2F2F9 /* MSV1signaturesApi.m */; };
		EA5F26B31ABB426800E2F2F9 /* MSV1systemApi.m in Sources */ = {isa = PBXBuildFile; fileRef = EA5F26A21ABB426800E2F2F9 /* MSV1systemApi.m */; };
		EA5F26B41ABB426800E2F2F9 /* MSV1templateApi.m in Sources */ = {isa = PBXBuildFile; fileRef = EA5F26A41ABB426800E2F2F9 /* MSV1templateApi.m */; };
		EA5F26B51ABB426800E2F2F9 /* MSV1usersApi.m in Sources */ = {isa = PBXBuildFile; fileRef = EA5F26A61ABB426800E2F2F9 /* MSV1usersApi.m */; };
		EA5F26B61ABB426800E2F2F9 /* OAuth1Client.m in Sources */ = {isa = PBXBuildFile; fileRef = EA5F26A91ABB426800E2F2F9 /* OAuth1Client.m */; };
		EA5F26F31ABB442000E2F2F9 /* MSWorkflow.m in Sources */ = {isa = PBXBuildFile; fileRef = EA5F26B71ABB442000E2F2F9 /* MSWorkflow.m */; };
		EA5F26F41ABB442000E2F2F9 /* MSUser.m in Sources */ = {isa = PBXBuildFile; fileRef = EA5F26B91ABB442000E2F2F9 /* MSUser.m */; };
		EA5F26F51ABB442000E2F2F9 /* MSToken.m in Sources */ = {isa = PBXBuildFile; fileRef = EA5F26BB1ABB442000E2F2F9 /* MSToken.m */; };
		EA5F26F61ABB442000E2F2F9 /* MSTemplateList.m in Sources */ = {isa = PBXBuildFile; fileRef = EA5F26BD1ABB442000E2F2F9 /* MSTemplateList.m */; };
		EA5F26F71ABB442000E2F2F9 /* MSTemplate.m in Sources */ = {isa = PBXBuildFile; fileRef = EA5F26BF1ABB442000E2F2F9 /* MSTemplate.m */; };
		EA5F26F81ABB442000E2F2F9 /* MSSystemStatus.m in Sources */ = {isa = PBXBuildFile; fileRef = EA5F26C11ABB442000E2F2F9 /* MSSystemStatus.m */; };
		EA5F26F91ABB442000E2F2F9 /* MSSetting.m in Sources */ = {isa = PBXBuildFile; fileRef = EA5F26C31ABB442000E2F2F9 /* MSSetting.m */; };
		EA5F26FA1ABB442000E2F2F9 /* MSRow.m in Sources */ = {isa = PBXBuildFile; fileRef = EA5F26C51ABB442000E2F2F9 /* MSRow.m */; };
		EA5F26FB1ABB442000E2F2F9 /* MSRectangle.m in Sources */ = {isa = PBXBuildFile; fileRef = EA5F26C71ABB442000E2F2F9 /* MSRectangle.m */; };
		EA5F26FC1ABB442000E2F2F9 /* MSPosition.m in Sources */ = {isa = PBXBuildFile; fileRef = EA5F26C91ABB442000E2F2F9 /* MSPosition.m */; };
		EA5F26FD1ABB442000E2F2F9 /* MSPolicy.m in Sources */ = {isa = PBXBuildFile; fileRef = EA5F26CB1ABB442000E2F2F9 /* MSPolicy.m */; };
		EA5F26FE1ABB442000E2F2F9 /* MSParam.m in Sources */ = {isa = PBXBuildFile; fileRef = EA5F26CD1ABB442000E2F2F9 /* MSParam.m */; };
		EA5F26FF1ABB442000E2F2F9 /* MSNotification.m in Sources */ = {isa = PBXBuildFile; fileRef = EA5F26CF1ABB442000E2F2F9 /* MSNotification.m */; };
		EA5F27001ABB442000E2F2F9 /* MSMessage.m in Sources */ = {isa = PBXBuildFile; fileRef = EA5F26D11ABB442000E2F2F9 /* MSMessage.m */; };
		EA5F27011ABB442000E2F2F9 /* MSMenuOption.m in Sources */ = {isa = PBXBuildFile; fileRef = EA5F26D31ABB442000E2F2F9 /* MSMenuOption.m */; };
		EA5F27021ABB442000E2F2F9 /* MSMailConfig.m in Sources */ = {isa = PBXBuildFile; fileRef = EA5F26D51ABB442000E2F2F9 /* MSMailConfig.m */; };
		EA5F27031ABB442000E2F2F9 /* MSMail.m in Sources */ = {isa = PBXBuildFile; fileRef = EA5F26D71ABB442000E2F2F9 /* MSMail.m */; };
		EA5F27041ABB442000E2F2F9 /* MSItem.m in Sources */ = {isa = PBXBuildFile; fileRef = EA5F26D91ABB442000E2F2F9 /* MSItem.m */; };
		EA5F27051ABB442000E2F2F9 /* MSInfoSystemStatus.m in Sources */ = {isa = PBXBuildFile; fileRef = EA5F26DB1ABB442000E2F2F9 /* MSInfoSystemStatus.m */; };
		EA5F27061ABB442000E2F2F9 /* MSFormValue.m in Sources */ = {isa = PBXBuildFile; fileRef = EA5F26DD1ABB442000E2F2F9 /* MSFormValue.m */; };
		EA5F27071ABB442000E2F2F9 /* MSFormNestedValue.m in Sources */ = {isa = PBXBuildFile; fileRef = EA5F26DF1ABB442000E2F2F9 /* MSFormNestedValue.m */; };
		EA5F27081ABB442000E2F2F9 /* MSForm.m in Sources */ = {isa = PBXBuildFile; fileRef = EA5F26E11ABB442000E2F2F9 /* MSForm.m */; };
		EA5F27091ABB442000E2F2F9 /* MSEvidence.m in Sources */ = {isa = PBXBuildFile; fileRef = EA5F26E31ABB442000E2F2F9 /* MSEvidence.m */; };
		EA5F270A1ABB442000E2F2F9 /* MSEventHistory.m in Sources */ = {isa = PBXBuildFile; fileRef = EA5F26E51ABB442000E2F2F9 /* MSEventHistory.m */; };
		EA5F270B1ABB442000E2F2F9 /* MSErrorResponse.m in Sources */ = {isa = PBXBuildFile; fileRef = EA5F26E71ABB442000E2F2F9 /* MSErrorResponse.m */; };
		EA5F270C1ABB442000E2F2F9 /* MSDownload.m in Sources */ = {isa = PBXBuildFile; fileRef = EA5F26E91ABB442000E2F2F9 /* MSDownload.m */; };
		EA5F270D1ABB442000E2F2F9 /* MSDocument.m in Sources */ = {isa = PBXBuildFile; fileRef = EA5F26EB1ABB442000E2F2F9 /* MSDocument.m */; };
		EA5F270E1ABB442000E2F2F9 /* MSDevice.m in Sources */ = {isa = PBXBuildFile; fileRef = EA5F26ED1ABB442000E2F2F9 /* MSDevice.m */; };
		EA5F270F1ABB442000E2F2F9 /* MSContainer.m in Sources */ = {isa = PBXBuildFile; fileRef = EA5F26EF1ABB442000E2F2F9 /* MSContainer.m */; };
		EA5F27101ABB442000E2F2F9 /* MSConfiguration.m in Sources */ = {isa = PBXBuildFile; fileRef = EA5F26F11ABB442000E2F2F9 /* MSConfiguration.m */; };
		EA5F27171ABB444E00E2F2F9 /* SWGObject.m in Sources */ = {isa = PBXBuildFile; fileRef = EA5F27111ABB444E00E2F2F9 /* SWGObject.m */; };
		EA5F27181ABB444E00E2F2F9 /* SWGFile.m in Sources */ = {isa = PBXBuildFile; fileRef = EA5F27131ABB444E00E2F2F9 /* SWGFile.m */; };
		EA5F27191ABB444E00E2F2F9 /* SWGDate.m in Sources */ = {isa = PBXBuildFile; fileRef = EA5F27151ABB444E00E2F2F9 /* SWGDate.m */; };
		EA8F04611ABB2558005CB771 /* ApiClient.m in Sources */ = {isa = PBXBuildFile; fileRef = EA8F04331ABB2558005CB771 /* ApiClient.m */; };
		EAB529D31AA0D7D100CC9A00 /* MainViewController.m in Sources */ = {isa = PBXBuildFile; fileRef = EAB529D11AA0D7D100CC9A00 /* MainViewController.m */; };
		EAB529D41AA0D7D100CC9A00 /* MainViewController.xib in Resources */ = {isa = PBXBuildFile; fileRef = EAB529D21AA0D7D100CC9A00 /* MainViewController.xib */; };
		EAE023AA196E811F00964A4A /* Foundation.framework in Frameworks */ = {isa = PBXBuildFile; fileRef = EAE023A9196E811F00964A4A /* Foundation.framework */; };
		EAE023AC196E811F00964A4A /* CoreGraphics.framework in Frameworks */ = {isa = PBXBuildFile; fileRef = EAE023AB196E811F00964A4A /* CoreGraphics.framework */; };
		EAE023AE196E811F00964A4A /* UIKit.framework in Frameworks */ = {isa = PBXBuildFile; fileRef = EAE023AD196E811F00964A4A /* UIKit.framework */; };
		EAE023B4196E811F00964A4A /* InfoPlist.strings in Resources */ = {isa = PBXBuildFile; fileRef = EAE023B2196E811F00964A4A /* InfoPlist.strings */; };
		EAE023B6196E811F00964A4A /* main.m in Sources */ = {isa = PBXBuildFile; fileRef = EAE023B5196E811F00964A4A /* main.m */; };
		EAE023BA196E811F00964A4A /* AppDelegate.m in Sources */ = {isa = PBXBuildFile; fileRef = EAE023B9196E811F00964A4A /* AppDelegate.m */; };
		EAE023BC196E811F00964A4A /* Images.xcassets in Resources */ = {isa = PBXBuildFile; fileRef = EAE023BB196E811F00964A4A /* Images.xcassets */; };
/* End PBXBuildFile section */

/* Begin PBXFileReference section */
		0F84E4BD4063EA47B9DA0D96 /* Pods.release.xcconfig */ = {isa = PBXFileReference; includeInIndex = 1; lastKnownFileType = text.xcconfig; name = Pods.release.xcconfig; path = "Pods/Target Support Files/Pods/Pods.release.xcconfig"; sourceTree = "<group>"; };
		143D673615D44581927CF7C9 /* libPods.a */ = {isa = PBXFileReference; explicitFileType = archive.ar; includeInIndex = 0; path = libPods.a; sourceTree = BUILT_PRODUCTS_DIR; };
		5AEDF93E9C3BED92E6A5D43A /* Pods.debug.xcconfig */ = {isa = PBXFileReference; includeInIndex = 1; lastKnownFileType = text.xcconfig; name = Pods.debug.xcconfig; path = "Pods/Target Support Files/Pods/Pods.debug.xcconfig"; sourceTree = "<group>"; };
		EA5F26911ABB426800E2F2F9 /* MSV1configurationApi.h */ = {isa = PBXFileReference; fileEncoding = 4; lastKnownFileType = sourcecode.c.h; path = MSV1configurationApi.h; sourceTree = "<group>"; };
		EA5F26921ABB426800E2F2F9 /* MSV1configurationApi.m */ = {isa = PBXFileReference; fileEncoding = 4; lastKnownFileType = sourcecode.c.objc; path = MSV1configurationApi.m; sourceTree = "<group>"; };
		EA5F26931ABB426800E2F2F9 /* MSV1devicesApi.h */ = {isa = PBXFileReference; fileEncoding = 4; lastKnownFileType = sourcecode.c.h; path = MSV1devicesApi.h; sourceTree = "<group>"; };
		EA5F26941ABB426800E2F2F9 /* MSV1devicesApi.m */ = {isa = PBXFileReference; fileEncoding = 4; lastKnownFileType = sourcecode.c.objc; path = MSV1devicesApi.m; sourceTree = "<group>"; };
		EA5F26951ABB426800E2F2F9 /* MSV1documentsApi.h */ = {isa = PBXFileReference; fileEncoding = 4; lastKnownFileType = sourcecode.c.h; path = MSV1documentsApi.h; sourceTree = "<group>"; };
		EA5F26961ABB426800E2F2F9 /* MSV1documentsApi.m */ = {isa = PBXFileReference; fileEncoding = 4; lastKnownFileType = sourcecode.c.objc; path = MSV1documentsApi.m; sourceTree = "<group>"; };
		EA5F26971ABB426800E2F2F9 /* MSV1evidencesApi.h */ = {isa = PBXFileReference; fileEncoding = 4; lastKnownFileType = sourcecode.c.h; path = MSV1evidencesApi.h; sourceTree = "<group>"; };
		EA5F26981ABB426800E2F2F9 /* MSV1evidencesApi.m */ = {isa = PBXFileReference; fileEncoding = 4; lastKnownFileType = sourcecode.c.objc; path = MSV1evidencesApi.m; sourceTree = "<group>"; };
		EA5F26991ABB426800E2F2F9 /* MSV1messagesApi.h */ = {isa = PBXFileReference; fileEncoding = 4; lastKnownFileType = sourcecode.c.h; path = MSV1messagesApi.h; sourceTree = "<group>"; };
		EA5F269A1ABB426800E2F2F9 /* MSV1messagesApi.m */ = {isa = PBXFileReference; fileEncoding = 4; lastKnownFileType = sourcecode.c.objc; path = MSV1messagesApi.m; sourceTree = "<group>"; };
		EA5F269B1ABB426800E2F2F9 /* MSV1notificationsApi.h */ = {isa = PBXFileReference; fileEncoding = 4; lastKnownFileType = sourcecode.c.h; path = MSV1notificationsApi.h; sourceTree = "<group>"; };
		EA5F269C1ABB426800E2F2F9 /* MSV1notificationsApi.m */ = {isa = PBXFileReference; fileEncoding = 4; lastKnownFileType = sourcecode.c.objc; path = MSV1notificationsApi.m; sourceTree = "<group>"; };
		EA5F269D1ABB426800E2F2F9 /* MSV1oauthApi.h */ = {isa = PBXFileReference; fileEncoding = 4; lastKnownFileType = sourcecode.c.h; path = MSV1oauthApi.h; sourceTree = "<group>"; };
		EA5F269E1ABB426800E2F2F9 /* MSV1oauthApi.m */ = {isa = PBXFileReference; fileEncoding = 4; lastKnownFileType = sourcecode.c.objc; path = MSV1oauthApi.m; sourceTree = "<group>"; };
		EA5F269F1ABB426800E2F2F9 /* MSV1signaturesApi.h */ = {isa = PBXFileReference; fileEncoding = 4; lastKnownFileType = sourcecode.c.h; path = MSV1signaturesApi.h; sourceTree = "<group>"; };
		EA5F26A01ABB426800E2F2F9 /* MSV1signaturesApi.m */ = {isa = PBXFileReference; fileEncoding = 4; lastKnownFileType = sourcecode.c.objc; path = MSV1signaturesApi.m; sourceTree = "<group>"; };
		EA5F26A11ABB426800E2F2F9 /* MSV1systemApi.h */ = {isa = PBXFileReference; fileEncoding = 4; lastKnownFileType = sourcecode.c.h; path = MSV1systemApi.h; sourceTree = "<group>"; };
		EA5F26A21ABB426800E2F2F9 /* MSV1systemApi.m */ = {isa = PBXFileReference; fileEncoding = 4; lastKnownFileType = sourcecode.c.objc; path = MSV1systemApi.m; sourceTree = "<group>"; };
		EA5F26A31ABB426800E2F2F9 /* MSV1templateApi.h */ = {isa = PBXFileReference; fileEncoding = 4; lastKnownFileType = sourcecode.c.h; path = MSV1templateApi.h; sourceTree = "<group>"; };
		EA5F26A41ABB426800E2F2F9 /* MSV1templateApi.m */ = {isa = PBXFileReference; fileEncoding = 4; lastKnownFileType = sourcecode.c.objc; path = MSV1templateApi.m; sourceTree = "<group>"; };
		EA5F26A51ABB426800E2F2F9 /* MSV1usersApi.h */ = {isa = PBXFileReference; fileEncoding = 4; lastKnownFileType = sourcecode.c.h; path = MSV1usersApi.h; sourceTree = "<group>"; };
		EA5F26A61ABB426800E2F2F9 /* MSV1usersApi.m */ = {isa = PBXFileReference; fileEncoding = 4; lastKnownFileType = sourcecode.c.objc; path = MSV1usersApi.m; sourceTree = "<group>"; };
		EA5F26A81ABB426800E2F2F9 /* OAuth1Client.h */ = {isa = PBXFileReference; fileEncoding = 4; lastKnownFileType = sourcecode.c.h; path = OAuth1Client.h; sourceTree = "<group>"; };
		EA5F26A91ABB426800E2F2F9 /* OAuth1Client.m */ = {isa = PBXFileReference; fileEncoding = 4; lastKnownFileType = sourcecode.c.objc; path = OAuth1Client.m; sourceTree = "<group>"; };
		EA5F26B71ABB442000E2F2F9 /* MSWorkflow.m */ = {isa = PBXFileReference; fileEncoding = 4; lastKnownFileType = sourcecode.c.objc; path = MSWorkflow.m; sourceTree = "<group>"; };
		EA5F26B81ABB442000E2F2F9 /* MSWorkflow.h */ = {isa = PBXFileReference; fileEncoding = 4; lastKnownFileType = sourcecode.c.h; path = MSWorkflow.h; sourceTree = "<group>"; };
		EA5F26B91ABB442000E2F2F9 /* MSUser.m */ = {isa = PBXFileReference; fileEncoding = 4; lastKnownFileType = sourcecode.c.objc; path = MSUser.m; sourceTree = "<group>"; };
		EA5F26BA1ABB442000E2F2F9 /* MSUser.h */ = {isa = PBXFileReference; fileEncoding = 4; lastKnownFileType = sourcecode.c.h; path = MSUser.h; sourceTree = "<group>"; };
		EA5F26BB1ABB442000E2F2F9 /* MSToken.m */ = {isa = PBXFileReference; fileEncoding = 4; lastKnownFileType = sourcecode.c.objc; path = MSToken.m; sourceTree = "<group>"; };
		EA5F26BC1ABB442000E2F2F9 /* MSToken.h */ = {isa = PBXFileReference; fileEncoding = 4; lastKnownFileType = sourcecode.c.h; path = MSToken.h; sourceTree = "<group>"; };
		EA5F26BD1ABB442000E2F2F9 /* MSTemplateList.m */ = {isa = PBXFileReference; fileEncoding = 4; lastKnownFileType = sourcecode.c.objc; path = MSTemplateList.m; sourceTree = "<group>"; };
		EA5F26BE1ABB442000E2F2F9 /* MSTemplateList.h */ = {isa = PBXFileReference; fileEncoding = 4; lastKnownFileType = sourcecode.c.h; path = MSTemplateList.h; sourceTree = "<group>"; };
		EA5F26BF1ABB442000E2F2F9 /* MSTemplate.m */ = {isa = PBXFileReference; fileEncoding = 4; lastKnownFileType = sourcecode.c.objc; path = MSTemplate.m; sourceTree = "<group>"; };
		EA5F26C01ABB442000E2F2F9 /* MSTemplate.h */ = {isa = PBXFileReference; fileEncoding = 4; lastKnownFileType = sourcecode.c.h; path = MSTemplate.h; sourceTree = "<group>"; };
		EA5F26C11ABB442000E2F2F9 /* MSSystemStatus.m */ = {isa = PBXFileReference; fileEncoding = 4; lastKnownFileType = sourcecode.c.objc; path = MSSystemStatus.m; sourceTree = "<group>"; };
		EA5F26C21ABB442000E2F2F9 /* MSSystemStatus.h */ = {isa = PBXFileReference; fileEncoding = 4; lastKnownFileType = sourcecode.c.h; path = MSSystemStatus.h; sourceTree = "<group>"; };
		EA5F26C31ABB442000E2F2F9 /* MSSetting.m */ = {isa = PBXFileReference; fileEncoding = 4; lastKnownFileType = sourcecode.c.objc; path = MSSetting.m; sourceTree = "<group>"; };
		EA5F26C41ABB442000E2F2F9 /* MSSetting.h */ = {isa = PBXFileReference; fileEncoding = 4; lastKnownFileType = sourcecode.c.h; path = MSSetting.h; sourceTree = "<group>"; };
		EA5F26C51ABB442000E2F2F9 /* MSRow.m */ = {isa = PBXFileReference; fileEncoding = 4; lastKnownFileType = sourcecode.c.objc; path = MSRow.m; sourceTree = "<group>"; };
		EA5F26C61ABB442000E2F2F9 /* MSRow.h */ = {isa = PBXFileReference; fileEncoding = 4; lastKnownFileType = sourcecode.c.h; path = MSRow.h; sourceTree = "<group>"; };
		EA5F26C71ABB442000E2F2F9 /* MSRectangle.m */ = {isa = PBXFileReference; fileEncoding = 4; lastKnownFileType = sourcecode.c.objc; path = MSRectangle.m; sourceTree = "<group>"; };
		EA5F26C81ABB442000E2F2F9 /* MSRectangle.h */ = {isa = PBXFileReference; fileEncoding = 4; lastKnownFileType = sourcecode.c.h; path = MSRectangle.h; sourceTree = "<group>"; };
		EA5F26C91ABB442000E2F2F9 /* MSPosition.m */ = {isa = PBXFileReference; fileEncoding = 4; lastKnownFileType = sourcecode.c.objc; path = MSPosition.m; sourceTree = "<group>"; };
		EA5F26CA1ABB442000E2F2F9 /* MSPosition.h */ = {isa = PBXFileReference; fileEncoding = 4; lastKnownFileType = sourcecode.c.h; path = MSPosition.h; sourceTree = "<group>"; };
		EA5F26CB1ABB442000E2F2F9 /* MSPolicy.m */ = {isa = PBXFileReference; fileEncoding = 4; lastKnownFileType = sourcecode.c.objc; path = MSPolicy.m; sourceTree = "<group>"; };
		EA5F26CC1ABB442000E2F2F9 /* MSPolicy.h */ = {isa = PBXFileReference; fileEncoding = 4; lastKnownFileType = sourcecode.c.h; path = MSPolicy.h; sourceTree = "<group>"; };
		EA5F26CD1ABB442000E2F2F9 /* MSParam.m */ = {isa = PBXFileReference; fileEncoding = 4; lastKnownFileType = sourcecode.c.objc; path = MSParam.m; sourceTree = "<group>"; };
		EA5F26CE1ABB442000E2F2F9 /* MSParam.h */ = {isa = PBXFileReference; fileEncoding = 4; lastKnownFileType = sourcecode.c.h; path = MSParam.h; sourceTree = "<group>"; };
		EA5F26CF1ABB442000E2F2F9 /* MSNotification.m */ = {isa = PBXFileReference; fileEncoding = 4; lastKnownFileType = sourcecode.c.objc; path = MSNotification.m; sourceTree = "<group>"; };
		EA5F26D01ABB442000E2F2F9 /* MSNotification.h */ = {isa = PBXFileReference; fileEncoding = 4; lastKnownFileType = sourcecode.c.h; path = MSNotification.h; sourceTree = "<group>"; };
		EA5F26D11ABB442000E2F2F9 /* MSMessage.m */ = {isa = PBXFileReference; fileEncoding = 4; lastKnownFileType = sourcecode.c.objc; path = MSMessage.m; sourceTree = "<group>"; };
		EA5F26D21ABB442000E2F2F9 /* MSMessage.h */ = {isa = PBXFileReference; fileEncoding = 4; lastKnownFileType = sourcecode.c.h; path = MSMessage.h; sourceTree = "<group>"; };
		EA5F26D31ABB442000E2F2F9 /* MSMenuOption.m */ = {isa = PBXFileReference; fileEncoding = 4; lastKnownFileType = sourcecode.c.objc; path = MSMenuOption.m; sourceTree = "<group>"; };
		EA5F26D41ABB442000E2F2F9 /* MSMenuOption.h */ = {isa = PBXFileReference; fileEncoding = 4; lastKnownFileType = sourcecode.c.h; path = MSMenuOption.h; sourceTree = "<group>"; };
		EA5F26D51ABB442000E2F2F9 /* MSMailConfig.m */ = {isa = PBXFileReference; fileEncoding = 4; lastKnownFileType = sourcecode.c.objc; path = MSMailConfig.m; sourceTree = "<group>"; };
		EA5F26D61ABB442000E2F2F9 /* MSMailConfig.h */ = {isa = PBXFileReference; fileEncoding = 4; lastKnownFileType = sourcecode.c.h; path = MSMailConfig.h; sourceTree = "<group>"; };
		EA5F26D71ABB442000E2F2F9 /* MSMail.m */ = {isa = PBXFileReference; fileEncoding = 4; lastKnownFileType = sourcecode.c.objc; path = MSMail.m; sourceTree = "<group>"; };
		EA5F26D81ABB442000E2F2F9 /* MSMail.h */ = {isa = PBXFileReference; fileEncoding = 4; lastKnownFileType = sourcecode.c.h; path = MSMail.h; sourceTree = "<group>"; };
		EA5F26D91ABB442000E2F2F9 /* MSItem.m */ = {isa = PBXFileReference; fileEncoding = 4; lastKnownFileType = sourcecode.c.objc; path = MSItem.m; sourceTree = "<group>"; };
		EA5F26DA1ABB442000E2F2F9 /* MSItem.h */ = {isa = PBXFileReference; fileEncoding = 4; lastKnownFileType = sourcecode.c.h; path = MSItem.h; sourceTree = "<group>"; };
		EA5F26DB1ABB442000E2F2F9 /* MSInfoSystemStatus.m */ = {isa = PBXFileReference; fileEncoding = 4; lastKnownFileType = sourcecode.c.objc; path = MSInfoSystemStatus.m; sourceTree = "<group>"; };
		EA5F26DC1ABB442000E2F2F9 /* MSInfoSystemStatus.h */ = {isa = PBXFileReference; fileEncoding = 4; lastKnownFileType = sourcecode.c.h; path = MSInfoSystemStatus.h; sourceTree = "<group>"; };
		EA5F26DD1ABB442000E2F2F9 /* MSFormValue.m */ = {isa = PBXFileReference; fileEncoding = 4; lastKnownFileType = sourcecode.c.objc; path = MSFormValue.m; sourceTree = "<group>"; };
		EA5F26DE1ABB442000E2F2F9 /* MSFormValue.h */ = {isa = PBXFileReference; fileEncoding = 4; lastKnownFileType = sourcecode.c.h; path = MSFormValue.h; sourceTree = "<group>"; };
		EA5F26DF1ABB442000E2F2F9 /* MSFormNestedValue.m */ = {isa = PBXFileReference; fileEncoding = 4; lastKnownFileType = sourcecode.c.objc; path = MSFormNestedValue.m; sourceTree = "<group>"; };
		EA5F26E01ABB442000E2F2F9 /* MSFormNestedValue.h */ = {isa = PBXFileReference; fileEncoding = 4; lastKnownFileType = sourcecode.c.h; path = MSFormNestedValue.h; sourceTree = "<group>"; };
		EA5F26E11ABB442000E2F2F9 /* MSForm.m */ = {isa = PBXFileReference; fileEncoding = 4; lastKnownFileType = sourcecode.c.objc; path = MSForm.m; sourceTree = "<group>"; };
		EA5F26E21ABB442000E2F2F9 /* MSForm.h */ = {isa = PBXFileReference; fileEncoding = 4; lastKnownFileType = sourcecode.c.h; path = MSForm.h; sourceTree = "<group>"; };
		EA5F26E31ABB442000E2F2F9 /* MSEvidence.m */ = {isa = PBXFileReference; fileEncoding = 4; lastKnownFileType = sourcecode.c.objc; path = MSEvidence.m; sourceTree = "<group>"; };
		EA5F26E41ABB442000E2F2F9 /* MSEvidence.h */ = {isa = PBXFileReference; fileEncoding = 4; lastKnownFileType = sourcecode.c.h; path = MSEvidence.h; sourceTree = "<group>"; };
		EA5F26E51ABB442000E2F2F9 /* MSEventHistory.m */ = {isa = PBXFileReference; fileEncoding = 4; lastKnownFileType = sourcecode.c.objc; path = MSEventHistory.m; sourceTree = "<group>"; };
		EA5F26E61ABB442000E2F2F9 /* MSEventHistory.h */ = {isa = PBXFileReference; fileEncoding = 4; lastKnownFileType = sourcecode.c.h; path = MSEventHistory.h; sourceTree = "<group>"; };
		EA5F26E71ABB442000E2F2F9 /* MSErrorResponse.m */ = {isa = PBXFileReference; fileEncoding = 4; lastKnownFileType = sourcecode.c.objc; path = MSErrorResponse.m; sourceTree = "<group>"; };
		EA5F26E81ABB442000E2F2F9 /* MSErrorResponse.h */ = {isa = PBXFileReference; fileEncoding = 4; lastKnownFileType = sourcecode.c.h; path = MSErrorResponse.h; sourceTree = "<group>"; };
		EA5F26E91ABB442000E2F2F9 /* MSDownload.m */ = {isa = PBXFileReference; fileEncoding = 4; lastKnownFileType = sourcecode.c.objc; path = MSDownload.m; sourceTree = "<group>"; };
		EA5F26EA1ABB442000E2F2F9 /* MSDownload.h */ = {isa = PBXFileReference; fileEncoding = 4; lastKnownFileType = sourcecode.c.h; path = MSDownload.h; sourceTree = "<group>"; };
		EA5F26EB1ABB442000E2F2F9 /* MSDocument.m */ = {isa = PBXFileReference; fileEncoding = 4; lastKnownFileType = sourcecode.c.objc; path = MSDocument.m; sourceTree = "<group>"; };
		EA5F26EC1ABB442000E2F2F9 /* MSDocument.h */ = {isa = PBXFileReference; fileEncoding = 4; lastKnownFileType = sourcecode.c.h; path = MSDocument.h; sourceTree = "<group>"; };
		EA5F26ED1ABB442000E2F2F9 /* MSDevice.m */ = {isa = PBXFileReference; fileEncoding = 4; lastKnownFileType = sourcecode.c.objc; path = MSDevice.m; sourceTree = "<group>"; };
		EA5F26EE1ABB442000E2F2F9 /* MSDevice.h */ = {isa = PBXFileReference; fileEncoding = 4; lastKnownFileType = sourcecode.c.h; path = MSDevice.h; sourceTree = "<group>"; };
		EA5F26EF1ABB442000E2F2F9 /* MSContainer.m */ = {isa = PBXFileReference; fileEncoding = 4; lastKnownFileType = sourcecode.c.objc; path = MSContainer.m; sourceTree = "<group>"; };
		EA5F26F01ABB442000E2F2F9 /* MSContainer.h */ = {isa = PBXFileReference; fileEncoding = 4; lastKnownFileType = sourcecode.c.h; path = MSContainer.h; sourceTree = "<group>"; };
		EA5F26F11ABB442000E2F2F9 /* MSConfiguration.m */ = {isa = PBXFileReference; fileEncoding = 4; lastKnownFileType = sourcecode.c.objc; path = MSConfiguration.m; sourceTree = "<group>"; };
		EA5F26F21ABB442000E2F2F9 /* MSConfiguration.h */ = {isa = PBXFileReference; fileEncoding = 4; lastKnownFileType = sourcecode.c.h; path = MSConfiguration.h; sourceTree = "<group>"; };
		EA5F27111ABB444E00E2F2F9 /* SWGObject.m */ = {isa = PBXFileReference; fileEncoding = 4; lastKnownFileType = sourcecode.c.objc; path = SWGObject.m; sourceTree = "<group>"; };
		EA5F27121ABB444E00E2F2F9 /* SWGObject.h */ = {isa = PBXFileReference; fileEncoding = 4; lastKnownFileType = sourcecode.c.h; path = SWGObject.h; sourceTree = "<group>"; };
		EA5F27131ABB444E00E2F2F9 /* SWGFile.m */ = {isa = PBXFileReference; fileEncoding = 4; lastKnownFileType = sourcecode.c.objc; path = SWGFile.m; sourceTree = "<group>"; };
		EA5F27141ABB444E00E2F2F9 /* SWGFile.h */ = {isa = PBXFileReference; fileEncoding = 4; lastKnownFileType = sourcecode.c.h; path = SWGFile.h; sourceTree = "<group>"; };
		EA5F27151ABB444E00E2F2F9 /* SWGDate.m */ = {isa = PBXFileReference; fileEncoding = 4; lastKnownFileType = sourcecode.c.objc; path = SWGDate.m; sourceTree = "<group>"; };
		EA5F27161ABB444E00E2F2F9 /* SWGDate.h */ = {isa = PBXFileReference; fileEncoding = 4; lastKnownFileType = sourcecode.c.h; path = SWGDate.h; sourceTree = "<group>"; };
		EA8F04331ABB2558005CB771 /* ApiClient.m */ = {isa = PBXFileReference; fileEncoding = 4; lastKnownFileType = sourcecode.c.objc; path = ApiClient.m; sourceTree = "<group>"; };
		EA8F04341ABB2558005CB771 /* ApiClient.h */ = {isa = PBXFileReference; fileEncoding = 4; lastKnownFileType = sourcecode.c.h; path = ApiClient.h; sourceTree = "<group>"; };
		EAB529D01AA0D7D100CC9A00 /* MainViewController.h */ = {isa = PBXFileReference; fileEncoding = 4; lastKnownFileType = sourcecode.c.h; path = MainViewController.h; sourceTree = "<group>"; };
		EAB529D11AA0D7D100CC9A00 /* MainViewController.m */ = {isa = PBXFileReference; fileEncoding = 4; lastKnownFileType = sourcecode.c.objc; path = MainViewController.m; sourceTree = "<group>"; };
		EAB529D21AA0D7D100CC9A00 /* MainViewController.xib */ = {isa = PBXFileReference; fileEncoding = 4; lastKnownFileType = file.xib; path = MainViewController.xib; sourceTree = "<group>"; };
		EAE023A6196E811F00964A4A /* ms-sdk-ios.app */ = {isa = PBXFileReference; explicitFileType = wrapper.application; includeInIndex = 0; path = "ms-sdk-ios.app"; sourceTree = BUILT_PRODUCTS_DIR; };
		EAE023A9196E811F00964A4A /* Foundation.framework */ = {isa = PBXFileReference; lastKnownFileType = wrapper.framework; name = Foundation.framework; path = System/Library/Frameworks/Foundation.framework; sourceTree = SDKROOT; };
		EAE023AB196E811F00964A4A /* CoreGraphics.framework */ = {isa = PBXFileReference; lastKnownFileType = wrapper.framework; name = CoreGraphics.framework; path = System/Library/Frameworks/CoreGraphics.framework; sourceTree = SDKROOT; };
		EAE023AD196E811F00964A4A /* UIKit.framework */ = {isa = PBXFileReference; lastKnownFileType = wrapper.framework; name = UIKit.framework; path = System/Library/Frameworks/UIKit.framework; sourceTree = SDKROOT; };
		EAE023B1196E811F00964A4A /* ms-sdk-ios-Info.plist */ = {isa = PBXFileReference; lastKnownFileType = text.plist.xml; path = "ms-sdk-ios-Info.plist"; sourceTree = "<group>"; };
		EAE023B3196E811F00964A4A /* en */ = {isa = PBXFileReference; lastKnownFileType = text.plist.strings; name = en; path = en.lproj/InfoPlist.strings; sourceTree = "<group>"; };
		EAE023B5196E811F00964A4A /* main.m */ = {isa = PBXFileReference; lastKnownFileType = sourcecode.c.objc; path = main.m; sourceTree = "<group>"; };
		EAE023B7196E811F00964A4A /* ms-sdk-ios-Prefix.pch */ = {isa = PBXFileReference; lastKnownFileType = sourcecode.c.h; path = "ms-sdk-ios-Prefix.pch"; sourceTree = "<group>"; };
		EAE023B8196E811F00964A4A /* AppDelegate.h */ = {isa = PBXFileReference; lastKnownFileType = sourcecode.c.h; path = AppDelegate.h; sourceTree = "<group>"; };
		EAE023B9196E811F00964A4A /* AppDelegate.m */ = {isa = PBXFileReference; lastKnownFileType = sourcecode.c.objc; path = AppDelegate.m; sourceTree = "<group>"; };
		EAE023BB196E811F00964A4A /* Images.xcassets */ = {isa = PBXFileReference; lastKnownFileType = folder.assetcatalog; path = Images.xcassets; sourceTree = "<group>"; };
		EAE023C2196E812000964A4A /* XCTest.framework */ = {isa = PBXFileReference; lastKnownFileType = wrapper.framework; name = XCTest.framework; path = Library/Frameworks/XCTest.framework; sourceTree = DEVELOPER_DIR; };
		EAE023CA196E812000964A4A /* ms-sdk-iosTests-Info.plist */ = {isa = PBXFileReference; lastKnownFileType = text.plist.xml; path = "ms-sdk-iosTests-Info.plist"; sourceTree = "<group>"; };
		EAE023CC196E812000964A4A /* en */ = {isa = PBXFileReference; lastKnownFileType = text.plist.strings; name = en; path = en.lproj/InfoPlist.strings; sourceTree = "<group>"; };
		EAE023CE196E812000964A4A /* ms_sdk_iosTests.m */ = {isa = PBXFileReference; lastKnownFileType = sourcecode.c.objc; path = ms_sdk_iosTests.m; sourceTree = "<group>"; };
/* End PBXFileReference section */

/* Begin PBXFrameworksBuildPhase section */
		EAE023A3196E811F00964A4A /* Frameworks */ = {
			isa = PBXFrameworksBuildPhase;
			buildActionMask = 2147483647;
			files = (
				EAE023AC196E811F00964A4A /* CoreGraphics.framework in Frameworks */,
				EAE023AE196E811F00964A4A /* UIKit.framework in Frameworks */,
				EAE023AA196E811F00964A4A /* Foundation.framework in Frameworks */,
				6158CC1FCD8D41799C0907C9 /* libPods.a in Frameworks */,
			);
			runOnlyForDeploymentPostprocessing = 0;
		};
/* End PBXFrameworksBuildPhase section */

/* Begin PBXGroup section */
		9C36441CB7F087B6E1FBF315 /* Pods */ = {
			isa = PBXGroup;
			children = (
				5AEDF93E9C3BED92E6A5D43A /* Pods.debug.xcconfig */,
				0F84E4BD4063EA47B9DA0D96 /* Pods.release.xcconfig */,
			);
			name = Pods;
			sourceTree = "<group>";
		};
		EA5F268F1ABB426800E2F2F9 /* util */ = {
			isa = PBXGroup;
			children = (
				EA5F27111ABB444E00E2F2F9 /* SWGObject.m */,
				EA5F27121ABB444E00E2F2F9 /* SWGObject.h */,
				EA5F27131ABB444E00E2F2F9 /* SWGFile.m */,
				EA5F27141ABB444E00E2F2F9 /* SWGFile.h */,
				EA5F27151ABB444E00E2F2F9 /* SWGDate.m */,
				EA5F27161ABB444E00E2F2F9 /* SWGDate.h */,
			);
			path = util;
			sourceTree = "<group>";
		};
		EA5F26901ABB426800E2F2F9 /* service */ = {
			isa = PBXGroup;
			children = (
				EA5F26911ABB426800E2F2F9 /* MSV1configurationApi.h */,
				EA5F26921ABB426800E2F2F9 /* MSV1configurationApi.m */,
				EA5F26931ABB426800E2F2F9 /* MSV1devicesApi.h */,
				EA5F26941ABB426800E2F2F9 /* MSV1devicesApi.m */,
				EA5F26951ABB426800E2F2F9 /* MSV1documentsApi.h */,
				EA5F26961ABB426800E2F2F9 /* MSV1documentsApi.m */,
				EA5F26971ABB426800E2F2F9 /* MSV1evidencesApi.h */,
				EA5F26981ABB426800E2F2F9 /* MSV1evidencesApi.m */,
				EA5F26991ABB426800E2F2F9 /* MSV1messagesApi.h */,
				EA5F269A1ABB426800E2F2F9 /* MSV1messagesApi.m */,
				EA5F269B1ABB426800E2F2F9 /* MSV1notificationsApi.h */,
				EA5F269C1ABB426800E2F2F9 /* MSV1notificationsApi.m */,
				EA5F269D1ABB426800E2F2F9 /* MSV1oauthApi.h */,
				EA5F269E1ABB426800E2F2F9 /* MSV1oauthApi.m */,
				EA5F269F1ABB426800E2F2F9 /* MSV1signaturesApi.h */,
				EA5F26A01ABB426800E2F2F9 /* MSV1signaturesApi.m */,
				EA5F26A11ABB426800E2F2F9 /* MSV1systemApi.h */,
				EA5F26A21ABB426800E2F2F9 /* MSV1systemApi.m */,
				EA5F26A31ABB426800E2F2F9 /* MSV1templateApi.h */,
				EA5F26A41ABB426800E2F2F9 /* MSV1templateApi.m */,
				EA5F26A51ABB426800E2F2F9 /* MSV1usersApi.h */,
				EA5F26A61ABB426800E2F2F9 /* MSV1usersApi.m */,
			);
			path = service;
			sourceTree = "<group>";
		};
		EA5F26A71ABB426800E2F2F9 /* oauth */ = {
			isa = PBXGroup;
			children = (
				EA5F26A81ABB426800E2F2F9 /* OAuth1Client.h */,
				EA5F26A91ABB426800E2F2F9 /* OAuth1Client.m */,
			);
			path = oauth;
			sourceTree = "<group>";
		};
		EA5F26AA1ABB426800E2F2F9 /* model */ = {
			isa = PBXGroup;
			children = (
				EA5F26B71ABB442000E2F2F9 /* MSWorkflow.m */,
				EA5F26B81ABB442000E2F2F9 /* MSWorkflow.h */,
				EA5F26B91ABB442000E2F2F9 /* MSUser.m */,
				EA5F26BA1ABB442000E2F2F9 /* MSUser.h */,
				EA5F26BB1ABB442000E2F2F9 /* MSToken.m */,
				EA5F26BC1ABB442000E2F2F9 /* MSToken.h */,
				EA5F26BD1ABB442000E2F2F9 /* MSTemplateList.m */,
				EA5F26BE1ABB442000E2F2F9 /* MSTemplateList.h */,
				EA5F26BF1ABB442000E2F2F9 /* MSTemplate.m */,
				EA5F26C01ABB442000E2F2F9 /* MSTemplate.h */,
				EA5F26C11ABB442000E2F2F9 /* MSSystemStatus.m */,
				EA5F26C21ABB442000E2F2F9 /* MSSystemStatus.h */,
				EA5F26C31ABB442000E2F2F9 /* MSSetting.m */,
				EA5F26C41ABB442000E2F2F9 /* MSSetting.h */,
				EA5F26C51ABB442000E2F2F9 /* MSRow.m */,
				EA5F26C61ABB442000E2F2F9 /* MSRow.h */,
				EA5F26C71ABB442000E2F2F9 /* MSRectangle.m */,
				EA5F26C81ABB442000E2F2F9 /* MSRectangle.h */,
				EA5F26C91ABB442000E2F2F9 /* MSPosition.m */,
				EA5F26CA1ABB442000E2F2F9 /* MSPosition.h */,
				EA5F26CB1ABB442000E2F2F9 /* MSPolicy.m */,
				EA5F26CC1ABB442000E2F2F9 /* MSPolicy.h */,
				EA5F26CD1ABB442000E2F2F9 /* MSParam.m */,
				EA5F26CE1ABB442000E2F2F9 /* MSParam.h */,
				EA5F26CF1ABB442000E2F2F9 /* MSNotification.m */,
				EA5F26D01ABB442000E2F2F9 /* MSNotification.h */,
				EA5F26D11ABB442000E2F2F9 /* MSMessage.m */,
				EA5F26D21ABB442000E2F2F9 /* MSMessage.h */,
				EA5F26D31ABB442000E2F2F9 /* MSMenuOption.m */,
				EA5F26D41ABB442000E2F2F9 /* MSMenuOption.h */,
				EA5F26D51ABB442000E2F2F9 /* MSMailConfig.m */,
				EA5F26D61ABB442000E2F2F9 /* MSMailConfig.h */,
				EA5F26D71ABB442000E2F2F9 /* MSMail.m */,
				EA5F26D81ABB442000E2F2F9 /* MSMail.h */,
				EA5F26D91ABB442000E2F2F9 /* MSItem.m */,
				EA5F26DA1ABB442000E2F2F9 /* MSItem.h */,
				EA5F26DB1ABB442000E2F2F9 /* MSInfoSystemStatus.m */,
				EA5F26DC1ABB442000E2F2F9 /* MSInfoSystemStatus.h */,
				EA5F26DD1ABB442000E2F2F9 /* MSFormValue.m */,
				EA5F26DE1ABB442000E2F2F9 /* MSFormValue.h */,
				EA5F26DF1ABB442000E2F2F9 /* MSFormNestedValue.m */,
				EA5F26E01ABB442000E2F2F9 /* MSFormNestedValue.h */,
				EA5F26E11ABB442000E2F2F9 /* MSForm.m */,
				EA5F26E21ABB442000E2F2F9 /* MSForm.h */,
				EA5F26E31ABB442000E2F2F9 /* MSEvidence.m */,
				EA5F26E41ABB442000E2F2F9 /* MSEvidence.h */,
				EA5F26E51ABB442000E2F2F9 /* MSEventHistory.m */,
				EA5F26E61ABB442000E2F2F9 /* MSEventHistory.h */,
				EA5F26E71ABB442000E2F2F9 /* MSErrorResponse.m */,
				EA5F26E81ABB442000E2F2F9 /* MSErrorResponse.h */,
				EA5F26E91ABB442000E2F2F9 /* MSDownload.m */,
				EA5F26EA1ABB442000E2F2F9 /* MSDownload.h */,
				EA5F26EB1ABB442000E2F2F9 /* MSDocument.m */,
				EA5F26EC1ABB442000E2F2F9 /* MSDocument.h */,
				EA5F26ED1ABB442000E2F2F9 /* MSDevice.m */,
				EA5F26EE1ABB442000E2F2F9 /* MSDevice.h */,
				EA5F26EF1ABB442000E2F2F9 /* MSContainer.m */,
				EA5F26F01ABB442000E2F2F9 /* MSContainer.h */,
				EA5F26F11ABB442000E2F2F9 /* MSConfiguration.m */,
				EA5F26F21ABB442000E2F2F9 /* MSConfiguration.h */,
			);
			path = model;
			sourceTree = "<group>";
		};
		EAE0239D196E811F00964A4A = {
			isa = PBXGroup;
			children = (
				EAE023AF196E811F00964A4A /* ms-sdk-ios */,
				EAE023C8196E812000964A4A /* ms-sdk-iosTests */,
				EAE023A8196E811F00964A4A /* Frameworks */,
				EAE023A7196E811F00964A4A /* Products */,
				9C36441CB7F087B6E1FBF315 /* Pods */,
			);
			sourceTree = "<group>";
		};
		EAE023A7196E811F00964A4A /* Products */ = {
			isa = PBXGroup;
			children = (
				EAE023A6196E811F00964A4A /* ms-sdk-ios.app */,
			);
			name = Products;
			sourceTree = "<group>";
		};
		EAE023A8196E811F00964A4A /* Frameworks */ = {
			isa = PBXGroup;
			children = (
				EAE023A9196E811F00964A4A /* Foundation.framework */,
				EAE023AB196E811F00964A4A /* CoreGraphics.framework */,
				EAE023AD196E811F00964A4A /* UIKit.framework */,
				EAE023C2196E812000964A4A /* XCTest.framework */,
				143D673615D44581927CF7C9 /* libPods.a */,
			);
			name = Frameworks;
			sourceTree = "<group>";
		};
		EAE023AF196E811F00964A4A /* ms-sdk-ios */ = {
			isa = PBXGroup;
			children = (
				EAE023D8196E828A00964A4A /* Classes */,
				EAE023B8196E811F00964A4A /* AppDelegate.h */,
				EAE023B9196E811F00964A4A /* AppDelegate.m */,
				EAE023BB196E811F00964A4A /* Images.xcassets */,
				EAE023B0196E811F00964A4A /* Supporting Files */,
				EAB529D01AA0D7D100CC9A00 /* MainViewController.h */,
				EAB529D11AA0D7D100CC9A00 /* MainViewController.m */,
				EAB529D21AA0D7D100CC9A00 /* MainViewController.xib */,
			);
			path = "ms-sdk-ios";
			sourceTree = "<group>";
		};
		EAE023B0196E811F00964A4A /* Supporting Files */ = {
			isa = PBXGroup;
			children = (
				EAE023B1196E811F00964A4A /* ms-sdk-ios-Info.plist */,
				EAE023B2196E811F00964A4A /* InfoPlist.strings */,
				EAE023B5196E811F00964A4A /* main.m */,
				EAE023B7196E811F00964A4A /* ms-sdk-ios-Prefix.pch */,
			);
			name = "Supporting Files";
			sourceTree = "<group>";
		};
		EAE023C8196E812000964A4A /* ms-sdk-iosTests */ = {
			isa = PBXGroup;
			children = (
				EAE023CE196E812000964A4A /* ms_sdk_iosTests.m */,
				EAE023C9196E812000964A4A /* Supporting Files */,
			);
			path = "ms-sdk-iosTests";
			sourceTree = "<group>";
		};
		EAE023C9196E812000964A4A /* Supporting Files */ = {
			isa = PBXGroup;
			children = (
				EAE023CA196E812000964A4A /* ms-sdk-iosTests-Info.plist */,
				EAE023CB196E812000964A4A /* InfoPlist.strings */,
			);
			name = "Supporting Files";
			sourceTree = "<group>";
		};
		EAE023D8196E828A00964A4A /* Classes */ = {
			isa = PBXGroup;
			children = (
				EA5F268F1ABB426800E2F2F9 /* util */,
				EA5F26901ABB426800E2F2F9 /* service */,
				EA5F26A71ABB426800E2F2F9 /* oauth */,
				EA5F26AA1ABB426800E2F2F9 /* model */,
				EA8F04331ABB2558005CB771 /* ApiClient.m */,
				EA8F04341ABB2558005CB771 /* ApiClient.h */,
			);
			path = Classes;
			sourceTree = "<group>";
		};
/* End PBXGroup section */

/* Begin PBXNativeTarget section */
		EAE023A5196E811F00964A4A /* ms-sdk-ios */ = {
			isa = PBXNativeTarget;
			buildConfigurationList = EAE023D2196E812000964A4A /* Build configuration list for PBXNativeTarget "ms-sdk-ios" */;
			buildPhases = (
				2BD8744F53A944A093EFE688 /* Check Pods Manifest.lock */,
				EAE023A2196E811F00964A4A /* Sources */,
				EAE023A3196E811F00964A4A /* Frameworks */,
				EAE023A4196E811F00964A4A /* Resources */,
				3B1C70F2A22948C58B78743B /* Copy Pods Resources */,
			);
			buildRules = (
			);
			dependencies = (
			);
			name = "ms-sdk-ios";
			productName = "ms-sdk-ios";
			productReference = EAE023A6196E811F00964A4A /* ms-sdk-ios.app */;
			productType = "com.apple.product-type.application";
		};
/* End PBXNativeTarget section */

/* Begin PBXProject section */
		EAE0239E196E811F00964A4A /* Project object */ = {
			isa = PBXProject;
			attributes = {
				LastUpgradeCheck = 0510;
				ORGANIZATIONNAME = "Viafirma S.L.";
			};
			buildConfigurationList = EAE023A1196E811F00964A4A /* Build configuration list for PBXProject "ms-sdk-ios" */;
			compatibilityVersion = "Xcode 3.2";
			developmentRegion = English;
			hasScannedForEncodings = 0;
			knownRegions = (
				en,
			);
			mainGroup = EAE0239D196E811F00964A4A;
			productRefGroup = EAE023A7196E811F00964A4A /* Products */;
			projectDirPath = "";
			projectRoot = "";
			targets = (
				EAE023A5196E811F00964A4A /* ms-sdk-ios */,
			);
		};
/* End PBXProject section */

/* Begin PBXResourcesBuildPhase section */
		EAE023A4196E811F00964A4A /* Resources */ = {
			isa = PBXResourcesBuildPhase;
			buildActionMask = 2147483647;
			files = (
				EAE023B4196E811F00964A4A /* InfoPlist.strings in Resources */,
				EAB529D41AA0D7D100CC9A00 /* MainViewController.xib in Resources */,
				EAE023BC196E811F00964A4A /* Images.xcassets in Resources */,
			);
			runOnlyForDeploymentPostprocessing = 0;
		};
/* End PBXResourcesBuildPhase section */

/* Begin PBXShellScriptBuildPhase section */
		2BD8744F53A944A093EFE688 /* Check Pods Manifest.lock */ = {
			isa = PBXShellScriptBuildPhase;
			buildActionMask = 2147483647;
			files = (
			);
			inputPaths = (
			);
			name = "Check Pods Manifest.lock";
			outputPaths = (
			);
			runOnlyForDeploymentPostprocessing = 0;
			shellPath = /bin/sh;
			shellScript = "diff \"${PODS_ROOT}/../Podfile.lock\" \"${PODS_ROOT}/Manifest.lock\" > /dev/null\nif [[ $? != 0 ]] ; then\n    cat << EOM\nerror: The sandbox is not in sync with the Podfile.lock. Run 'pod install' or update your CocoaPods installation.\nEOM\n    exit 1\nfi\n";
			showEnvVarsInLog = 0;
		};
		3B1C70F2A22948C58B78743B /* Copy Pods Resources */ = {
			isa = PBXShellScriptBuildPhase;
			buildActionMask = 2147483647;
			files = (
			);
			inputPaths = (
			);
			name = "Copy Pods Resources";
			outputPaths = (
			);
			runOnlyForDeploymentPostprocessing = 0;
			shellPath = /bin/sh;
			shellScript = "\"${SRCROOT}/Pods/Target Support Files/Pods/Pods-resources.sh\"\n";
			showEnvVarsInLog = 0;
		};
/* End PBXShellScriptBuildPhase section */

/* Begin PBXSourcesBuildPhase section */
		EAE023A2196E811F00964A4A /* Sources */ = {
			isa = PBXSourcesBuildPhase;
			buildActionMask = 2147483647;
			files = (
				EA5F27041ABB442000E2F2F9 /* MSItem.m in Sources */,
				EA5F26B11ABB426800E2F2F9 /* MSV1oauthApi.m in Sources */,
				EA5F26FE1ABB442000E2F2F9 /* MSParam.m in Sources */,
				EA5F27021ABB442000E2F2F9 /* MSMailConfig.m in Sources */,
				EA5F26B51ABB426800E2F2F9 /* MSV1usersApi.m in Sources */,
				EA5F27001ABB442000E2F2F9 /* MSMessage.m in Sources */,
				EA5F26FB1ABB442000E2F2F9 /* MSRectangle.m in Sources */,
				EA5F270A1ABB442000E2F2F9 /* MSEventHistory.m in Sources */,
				EAE023BA196E811F00964A4A /* AppDelegate.m in Sources */,
				EA5F270E1ABB442000E2F2F9 /* MSDevice.m in Sources */,
				EA5F270C1ABB442000E2F2F9 /* MSDownload.m in Sources */,
				EA5F26AC1ABB426800E2F2F9 /* MSV1devicesApi.m in Sources */,
				EA5F26AB1ABB426800E2F2F9 /* MSV1configurationApi.m in Sources */,
				EA5F26FF1ABB442000E2F2F9 /* MSNotification.m in Sources */,
				EA5F27051ABB442000E2F2F9 /* MSInfoSystemStatus.m in Sources */,
				EA5F270F1ABB442000E2F2F9 /* MSContainer.m in Sources */,
				EA5F27171ABB444E00E2F2F9 /* SWGObject.m in Sources */,
				EA5F270D1ABB442000E2F2F9 /* MSDocument.m in Sources */,
				EA8F04611ABB2558005CB771 /* ApiClient.m in Sources */,
				EA5F26AE1ABB426800E2F2F9 /* MSV1evidencesApi.m in Sources */,
				EA5F26AF1ABB426800E2F2F9 /* MSV1messagesApi.m in Sources */,
				EA5F27181ABB444E00E2F2F9 /* SWGFile.m in Sources */,
				EAB529D31AA0D7D100CC9A00 /* MainViewController.m in Sources */,
				EA5F27091ABB442000E2F2F9 /* MSEvidence.m in Sources */,
				EA5F26F71ABB442000E2F2F9 /* MSTemplate.m in Sources */,
				EA5F27061ABB442000E2F2F9 /* MSFormValue.m in Sources */,
				EA5F26F51ABB442000E2F2F9 /* MSToken.m in Sources */,
				EA5F26B21ABB426800E2F2F9 /* MSV1signaturesApi.m in Sources */,
				EA5F26F61ABB442000E2F2F9 /* MSTemplateList.m in Sources */,
				EA5F26FC1ABB442000E2F2F9 /* MSPosition.m in Sources */,
				EA5F26B61ABB426800E2F2F9 /* OAuth1Client.m in Sources */,
				EA5F27031ABB442000E2F2F9 /* MSMail.m in Sources */,
				EA5F26F31ABB442000E2F2F9 /* MSWorkflow.m in Sources */,
				EA5F27071ABB442000E2F2F9 /* MSFormNestedValue.m in Sources */,
				EA5F27101ABB442000E2F2F9 /* MSConfiguration.m in Sources */,
				EA5F26AD1ABB426800E2F2F9 /* MSV1documentsApi.m in Sources */,
				EA5F27081ABB442000E2F2F9 /* MSForm.m in Sources */,
				EA5F26F81ABB442000E2F2F9 /* MSSystemStatus.m in Sources */,
				EA5F27011ABB442000E2F2F9 /* MSMenuOption.m in Sources */,
				EA5F26B01ABB426800E2F2F9 /* MSV1notificationsApi.m in Sources */,
				EA5F27191ABB444E00E2F2F9 /* SWGDate.m in Sources */,
				EA5F26FA1ABB442000E2F2F9 /* MSRow.m in Sources */,
				EA5F270B1ABB442000E2F2F9 /* MSErrorResponse.m in Sources */,
				EA5F26B31ABB426800E2F2F9 /* MSV1systemApi.m in Sources */,
				EAE023B6196E811F00964A4A /* main.m in Sources */,
				EA5F26F91ABB442000E2F2F9 /* MSSetting.m in Sources */,
				EA5F26F41ABB442000E2F2F9 /* MSUser.m in Sources */,
				EA5F26FD1ABB442000E2F2F9 /* MSPolicy.m in Sources */,
				EA5F26B41ABB426800E2F2F9 /* MSV1templateApi.m in Sources */,
			);
			runOnlyForDeploymentPostprocessing = 0;
		};
/* End PBXSourcesBuildPhase section */

/* Begin PBXVariantGroup section */
		EAE023B2196E811F00964A4A /* InfoPlist.strings */ = {
			isa = PBXVariantGroup;
			children = (
				EAE023B3196E811F00964A4A /* en */,
			);
			name = InfoPlist.strings;
			sourceTree = "<group>";
		};
		EAE023CB196E812000964A4A /* InfoPlist.strings */ = {
			isa = PBXVariantGroup;
			children = (
				EAE023CC196E812000964A4A /* en */,
			);
			name = InfoPlist.strings;
			sourceTree = "<group>";
		};
/* End PBXVariantGroup section */

/* Begin XCBuildConfiguration section */
		EAE023D0196E812000964A4A /* Debug */ = {
			isa = XCBuildConfiguration;
			buildSettings = {
				ALWAYS_SEARCH_USER_PATHS = NO;
				CLANG_CXX_LANGUAGE_STANDARD = "gnu++0x";
				CLANG_CXX_LIBRARY = "libc++";
				CLANG_ENABLE_MODULES = YES;
				CLANG_ENABLE_OBJC_ARC = YES;
				CLANG_WARN_BOOL_CONVERSION = YES;
				CLANG_WARN_CONSTANT_CONVERSION = YES;
				CLANG_WARN_DIRECT_OBJC_ISA_USAGE = YES_ERROR;
				CLANG_WARN_EMPTY_BODY = YES;
				CLANG_WARN_ENUM_CONVERSION = YES;
				CLANG_WARN_INT_CONVERSION = YES;
				CLANG_WARN_OBJC_ROOT_CLASS = YES_ERROR;
				CLANG_WARN__DUPLICATE_METHOD_MATCH = YES;
				"CODE_SIGN_IDENTITY[sdk=iphoneos*]" = "iPhone Developer";
				COPY_PHASE_STRIP = NO;
				GCC_C_LANGUAGE_STANDARD = gnu99;
				GCC_DYNAMIC_NO_PIC = NO;
				GCC_OPTIMIZATION_LEVEL = 0;
				GCC_PREPROCESSOR_DEFINITIONS = (
					"DEBUG=1",
					"$(inherited)",
				);
				GCC_SYMBOLS_PRIVATE_EXTERN = NO;
				GCC_WARN_64_TO_32_BIT_CONVERSION = YES;
				GCC_WARN_ABOUT_RETURN_TYPE = YES_ERROR;
				GCC_WARN_UNDECLARED_SELECTOR = YES;
				GCC_WARN_UNINITIALIZED_AUTOS = YES_AGGRESSIVE;
				GCC_WARN_UNUSED_FUNCTION = YES;
				GCC_WARN_UNUSED_VARIABLE = YES;
				IPHONEOS_DEPLOYMENT_TARGET = 7.1;
				ONLY_ACTIVE_ARCH = YES;
				SDKROOT = iphoneos;
				TARGETED_DEVICE_FAMILY = "1,2";
			};
			name = Debug;
		};
		EAE023D1196E812000964A4A /* Release */ = {
			isa = XCBuildConfiguration;
			buildSettings = {
				ALWAYS_SEARCH_USER_PATHS = NO;
				CLANG_CXX_LANGUAGE_STANDARD = "gnu++0x";
				CLANG_CXX_LIBRARY = "libc++";
				CLANG_ENABLE_MODULES = YES;
				CLANG_ENABLE_OBJC_ARC = YES;
				CLANG_WARN_BOOL_CONVERSION = YES;
				CLANG_WARN_CONSTANT_CONVERSION = YES;
				CLANG_WARN_DIRECT_OBJC_ISA_USAGE = YES_ERROR;
				CLANG_WARN_EMPTY_BODY = YES;
				CLANG_WARN_ENUM_CONVERSION = YES;
				CLANG_WARN_INT_CONVERSION = YES;
				CLANG_WARN_OBJC_ROOT_CLASS = YES_ERROR;
				CLANG_WARN__DUPLICATE_METHOD_MATCH = YES;
				"CODE_SIGN_IDENTITY[sdk=iphoneos*]" = "iPhone Developer";
				COPY_PHASE_STRIP = YES;
				ENABLE_NS_ASSERTIONS = NO;
				GCC_C_LANGUAGE_STANDARD = gnu99;
				GCC_WARN_64_TO_32_BIT_CONVERSION = YES;
				GCC_WARN_ABOUT_RETURN_TYPE = YES_ERROR;
				GCC_WARN_UNDECLARED_SELECTOR = YES;
				GCC_WARN_UNINITIALIZED_AUTOS = YES_AGGRESSIVE;
				GCC_WARN_UNUSED_FUNCTION = YES;
				GCC_WARN_UNUSED_VARIABLE = YES;
				IPHONEOS_DEPLOYMENT_TARGET = 7.1;
				SDKROOT = iphoneos;
				TARGETED_DEVICE_FAMILY = "1,2";
				VALIDATE_PRODUCT = YES;
			};
			name = Release;
		};
		EAE023D3196E812000964A4A /* Debug */ = {
			isa = XCBuildConfiguration;
			baseConfigurationReference = 5AEDF93E9C3BED92E6A5D43A /* Pods.debug.xcconfig */;
			buildSettings = {
				ASSETCATALOG_COMPILER_APPICON_NAME = AppIcon;
				ASSETCATALOG_COMPILER_LAUNCHIMAGE_NAME = LaunchImage;
				GCC_PRECOMPILE_PREFIX_HEADER = YES;
				GCC_PREFIX_HEADER = "ms-sdk-ios/ms-sdk-ios-Prefix.pch";
				INFOPLIST_FILE = "ms-sdk-ios/ms-sdk-ios-Info.plist";
				PRODUCT_NAME = "$(TARGET_NAME)";
				WRAPPER_EXTENSION = app;
			};
			name = Debug;
		};
		EAE023D4196E812000964A4A /* Release */ = {
			isa = XCBuildConfiguration;
			baseConfigurationReference = 0F84E4BD4063EA47B9DA0D96 /* Pods.release.xcconfig */;
			buildSettings = {
				ASSETCATALOG_COMPILER_APPICON_NAME = AppIcon;
				ASSETCATALOG_COMPILER_LAUNCHIMAGE_NAME = LaunchImage;
				GCC_PRECOMPILE_PREFIX_HEADER = YES;
				GCC_PREFIX_HEADER = "ms-sdk-ios/ms-sdk-ios-Prefix.pch";
				INFOPLIST_FILE = "ms-sdk-ios/ms-sdk-ios-Info.plist";
				PRODUCT_NAME = "$(TARGET_NAME)";
				WRAPPER_EXTENSION = app;
			};
			name = Release;
		};
/* End XCBuildConfiguration section */

/* Begin XCConfigurationList section */
		EAE023A1196E811F00964A4A /* Build configuration list for PBXProject "ms-sdk-ios" */ = {
			isa = XCConfigurationList;
			buildConfigurations = (
				EAE023D0196E812000964A4A /* Debug */,
				EAE023D1196E812000964A4A /* Release */,
			);
			defaultConfigurationIsVisible = 0;
			defaultConfigurationName = Release;
		};
		EAE023D2196E812000964A4A /* Build configuration list for PBXNativeTarget "ms-sdk-ios" */ = {
			isa = XCConfigurationList;
			buildConfigurations = (
				EAE023D3196E812000964A4A /* Debug */,
				EAE023D4196E812000964A4A /* Release */,
			);
			defaultConfigurationIsVisible = 0;
			defaultConfigurationName = Release;
		};
/* End XCConfigurationList section */
	};
	rootObject = EAE0239E196E811F00964A4A /* Project object */;
}
