<?xml version="1.0" encoding="UTF-8"?>
<!DOCTYPE plist PUBLIC "-//Apple//DTD PLIST 1.0//EN" "http://www.apple.com/DTDs/PropertyList-1.0.dtd">
<plist version="1.0">
<dict>
	<key>archiveVersion</key>
	<string>1</string>
	<key>classes</key>
	<dict/>
	<key>objectVersion</key>
	<string>46</string>
	<key>objects</key>
	<dict>
		<key>143D673615D44581927CF7C9</key>
		<dict>
			<key>explicitFileType</key>
			<string>archive.ar</string>
			<key>includeInIndex</key>
			<string>0</string>
			<key>isa</key>
			<string>PBXFileReference</string>
			<key>path</key>
			<string>libPods.a</string>
			<key>sourceTree</key>
			<string>BUILT_PRODUCTS_DIR</string>
		</dict>
		<key>2BD8744F53A944A093EFE688</key>
		<dict>
			<key>buildActionMask</key>
			<string>2147483647</string>
			<key>files</key>
			<array/>
			<key>inputPaths</key>
			<array/>
			<key>isa</key>
			<string>PBXShellScriptBuildPhase</string>
			<key>name</key>
			<string>Check Pods Manifest.lock</string>
			<key>outputPaths</key>
			<array/>
			<key>runOnlyForDeploymentPostprocessing</key>
			<string>0</string>
			<key>shellPath</key>
			<string>/bin/sh</string>
			<key>shellScript</key>
			<string>diff "${PODS_ROOT}/../Podfile.lock" "${PODS_ROOT}/Manifest.lock" &gt; /dev/null
if [[ $? != 0 ]] ; then
    cat &lt;&lt; EOM
error: The sandbox is not in sync with the Podfile.lock. Run 'pod install' or update your CocoaPods installation.
EOM
    exit 1
fi
</string>
			<key>showEnvVarsInLog</key>
			<string>0</string>
		</dict>
		<key>3B1C70F2A22948C58B78743B</key>
		<dict>
			<key>buildActionMask</key>
			<string>2147483647</string>
			<key>files</key>
			<array/>
			<key>inputPaths</key>
			<array/>
			<key>isa</key>
			<string>PBXShellScriptBuildPhase</string>
			<key>name</key>
			<string>Copy Pods Resources</string>
			<key>outputPaths</key>
			<array/>
			<key>runOnlyForDeploymentPostprocessing</key>
			<string>0</string>
			<key>shellPath</key>
			<string>/bin/sh</string>
			<key>shellScript</key>
			<string>"${SRCROOT}/Pods/Pods-resources.sh"
</string>
			<key>showEnvVarsInLog</key>
			<string>0</string>
		</dict>
		<key>6158CC1FCD8D41799C0907C9</key>
		<dict>
			<key>fileRef</key>
			<string>143D673615D44581927CF7C9</string>
			<key>isa</key>
			<string>PBXBuildFile</string>
		</dict>
		<key>6ED6A18E84FF469CB878B65B</key>
		<dict>
			<key>buildActionMask</key>
			<string>2147483647</string>
			<key>files</key>
			<array/>
			<key>inputPaths</key>
			<array/>
			<key>isa</key>
			<string>PBXShellScriptBuildPhase</string>
			<key>name</key>
			<string>Copy Pods Resources</string>
			<key>outputPaths</key>
			<array/>
			<key>runOnlyForDeploymentPostprocessing</key>
			<string>0</string>
			<key>shellPath</key>
			<string>/bin/sh</string>
			<key>shellScript</key>
			<string>"${SRCROOT}/Pods/Pods-resources.sh"
</string>
			<key>showEnvVarsInLog</key>
			<string>0</string>
		</dict>
		<key>A9E8091BCF1041909CB5824A</key>
		<dict>
			<key>buildActionMask</key>
			<string>2147483647</string>
			<key>files</key>
			<array/>
			<key>inputPaths</key>
			<array/>
			<key>isa</key>
			<string>PBXShellScriptBuildPhase</string>
			<key>name</key>
			<string>Check Pods Manifest.lock</string>
			<key>outputPaths</key>
			<array/>
			<key>runOnlyForDeploymentPostprocessing</key>
			<string>0</string>
			<key>shellPath</key>
			<string>/bin/sh</string>
			<key>shellScript</key>
			<string>diff "${PODS_ROOT}/../Podfile.lock" "${PODS_ROOT}/Manifest.lock" &gt; /dev/null
if [[ $? != 0 ]] ; then
    cat &lt;&lt; EOM
error: The sandbox is not in sync with the Podfile.lock. Run 'pod install' or update your CocoaPods installation.
EOM
    exit 1
fi
</string>
			<key>showEnvVarsInLog</key>
			<string>0</string>
		</dict>
		<key>D84AD0FDA8E6449AAAA91822</key>
		<dict>
			<key>includeInIndex</key>
			<string>1</string>
			<key>isa</key>
			<string>PBXFileReference</string>
			<key>lastKnownFileType</key>
			<string>text.xcconfig</string>
			<key>name</key>
			<string>Pods.xcconfig</string>
			<key>path</key>
			<string>Pods/Pods.xcconfig</string>
			<key>sourceTree</key>
			<string>&lt;group&gt;</string>
		</dict>
		<key>D8CD6816E63C4B1284090E96</key>
		<dict>
			<key>fileRef</key>
			<string>143D673615D44581927CF7C9</string>
			<key>isa</key>
			<string>PBXBuildFile</string>
		</dict>
		<key>EAE0239D196E811F00964A4A</key>
		<dict>
			<key>children</key>
			<array>
				<string>EAE023AF196E811F00964A4A</string>
				<string>EAE023C8196E812000964A4A</string>
				<string>EAE023A8196E811F00964A4A</string>
				<string>EAE023A7196E811F00964A4A</string>
				<string>D84AD0FDA8E6449AAAA91822</string>
			</array>
			<key>isa</key>
			<string>PBXGroup</string>
			<key>sourceTree</key>
			<string>&lt;group&gt;</string>
		</dict>
		<key>EAE0239E196E811F00964A4A</key>
		<dict>
			<key>attributes</key>
			<dict>
				<key>LastUpgradeCheck</key>
				<string>0510</string>
				<key>ORGANIZATIONNAME</key>
				<string>Viafirma S.L.</string>
				<key>TargetAttributes</key>
				<dict>
					<key>EAE023C0196E812000964A4A</key>
					<dict>
						<key>TestTargetID</key>
						<string>EAE023A5196E811F00964A4A</string>
					</dict>
				</dict>
			</dict>
			<key>buildConfigurationList</key>
			<string>EAE023A1196E811F00964A4A</string>
			<key>compatibilityVersion</key>
			<string>Xcode 3.2</string>
			<key>developmentRegion</key>
			<string>English</string>
			<key>hasScannedForEncodings</key>
			<string>0</string>
			<key>isa</key>
			<string>PBXProject</string>
			<key>knownRegions</key>
			<array>
				<string>en</string>
			</array>
			<key>mainGroup</key>
			<string>EAE0239D196E811F00964A4A</string>
			<key>productRefGroup</key>
			<string>EAE023A7196E811F00964A4A</string>
			<key>projectDirPath</key>
			<string></string>
			<key>projectReferences</key>
			<array/>
			<key>projectRoot</key>
			<string></string>
			<key>targets</key>
			<array>
				<string>EAE023A5196E811F00964A4A</string>
				<string>EAE023C0196E812000964A4A</string>
			</array>
		</dict>
		<key>EAE023A1196E811F00964A4A</key>
		<dict>
			<key>buildConfigurations</key>
			<array>
				<string>EAE023D0196E812000964A4A</string>
				<string>EAE023D1196E812000964A4A</string>
			</array>
			<key>defaultConfigurationIsVisible</key>
			<string>0</string>
			<key>defaultConfigurationName</key>
			<string>Release</string>
			<key>isa</key>
			<string>XCConfigurationList</string>
		</dict>
		<key>EAE023A2196E811F00964A4A</key>
		<dict>
			<key>buildActionMask</key>
			<string>2147483647</string>
			<key>files</key>
			<array>
				<string>EAE02434196E828B00964A4A</string>
				<string>EAE02414196E828B00964A4A</string>
				<string>EAE0243E196E828B00964A4A</string>
				<string>EAE02416196E828B00964A4A</string>
				<string>EAE02430196E828B00964A4A</string>
				<string>EAE0241C196E828B00964A4A</string>
				<string>EAE02428196E828B00964A4A</string>
				<string>EAE02418196E828B00964A4A</string>
				<string>EAE02440196E828B00964A4A</string>
				<string>EAE02410196E828B00964A4A</string>
				<string>EAE02426196E828B00964A4A</string>
				<string>EAE02424196E828B00964A4A</string>
				<string>EAE0242E196E828B00964A4A</string>
				<string>EAE02412196E828B00964A4A</string>
				<string>EAE0242C196E828B00964A4A</string>
				<string>EAE0241E196E828B00964A4A</string>
				<string>EAE02442196E828B00964A4A</string>
				<string>EAE0243C196E828B00964A4A</string>
				<string>EAE0243A196E828B00964A4A</string>
				<string>EAE023BA196E811F00964A4A</string>
				<string>EAE02420196E828B00964A4A</string>
				<string>EAE02432196E828B00964A4A</string>
				<string>EAE02422196E828B00964A4A</string>
				<string>EAE0242A196E828B00964A4A</string>
				<string>EAE023B6196E811F00964A4A</string>
				<string>EAE0241A196E828B00964A4A</string>
				<string>EAE02438196E828B00964A4A</string>
				<string>EAE02436196E828B00964A4A</string>
			</array>
			<key>isa</key>
			<string>PBXSourcesBuildPhase</string>
			<key>runOnlyForDeploymentPostprocessing</key>
			<string>0</string>
		</dict>
		<key>EAE023A3196E811F00964A4A</key>
		<dict>
			<key>buildActionMask</key>
			<string>2147483647</string>
			<key>files</key>
			<array>
				<string>EAE023AC196E811F00964A4A</string>
				<string>EAE023AE196E811F00964A4A</string>
				<string>EAE023AA196E811F00964A4A</string>
				<string>6158CC1FCD8D41799C0907C9</string>
			</array>
			<key>isa</key>
			<string>PBXFrameworksBuildPhase</string>
			<key>runOnlyForDeploymentPostprocessing</key>
			<string>0</string>
		</dict>
		<key>EAE023A4196E811F00964A4A</key>
		<dict>
			<key>buildActionMask</key>
			<string>2147483647</string>
			<key>files</key>
			<array>
				<string>EAE023B4196E811F00964A4A</string>
				<string>EAE023BC196E811F00964A4A</string>
			</array>
			<key>isa</key>
			<string>PBXResourcesBuildPhase</string>
			<key>runOnlyForDeploymentPostprocessing</key>
			<string>0</string>
		</dict>
		<key>EAE023A5196E811F00964A4A</key>
		<dict>
			<key>buildConfigurationList</key>
			<string>EAE023D2196E812000964A4A</string>
			<key>buildPhases</key>
			<array>
				<string>2BD8744F53A944A093EFE688</string>
				<string>EAE023A2196E811F00964A4A</string>
				<string>EAE023A3196E811F00964A4A</string>
				<string>EAE023A4196E811F00964A4A</string>
				<string>3B1C70F2A22948C58B78743B</string>
			</array>
			<key>buildRules</key>
			<array/>
			<key>dependencies</key>
			<array/>
			<key>isa</key>
			<string>PBXNativeTarget</string>
			<key>name</key>
			<string>ms-sdk-ios</string>
			<key>productName</key>
			<string>ms-sdk-ios</string>
			<key>productReference</key>
			<string>EAE023A6196E811F00964A4A</string>
			<key>productType</key>
			<string>com.apple.product-type.application</string>
		</dict>
		<key>EAE023A6196E811F00964A4A</key>
		<dict>
			<key>explicitFileType</key>
			<string>wrapper.application</string>
			<key>includeInIndex</key>
			<string>0</string>
			<key>isa</key>
			<string>PBXFileReference</string>
			<key>path</key>
			<string>ms-sdk-ios.app</string>
			<key>sourceTree</key>
			<string>BUILT_PRODUCTS_DIR</string>
		</dict>
		<key>EAE023A7196E811F00964A4A</key>
		<dict>
			<key>children</key>
			<array>
				<string>EAE023A6196E811F00964A4A</string>
				<string>EAE023C1196E812000964A4A</string>
			</array>
			<key>isa</key>
			<string>PBXGroup</string>
			<key>name</key>
			<string>Products</string>
			<key>sourceTree</key>
			<string>&lt;group&gt;</string>
		</dict>
		<key>EAE023A8196E811F00964A4A</key>
		<dict>
			<key>children</key>
			<array>
				<string>EAE023A9196E811F00964A4A</string>
				<string>EAE023AB196E811F00964A4A</string>
				<string>EAE023AD196E811F00964A4A</string>
				<string>EAE023C2196E812000964A4A</string>
				<string>143D673615D44581927CF7C9</string>
			</array>
			<key>isa</key>
			<string>PBXGroup</string>
			<key>name</key>
			<string>Frameworks</string>
			<key>sourceTree</key>
			<string>&lt;group&gt;</string>
		</dict>
		<key>EAE023A9196E811F00964A4A</key>
		<dict>
			<key>isa</key>
			<string>PBXFileReference</string>
			<key>lastKnownFileType</key>
			<string>wrapper.framework</string>
			<key>name</key>
			<string>Foundation.framework</string>
			<key>path</key>
			<string>System/Library/Frameworks/Foundation.framework</string>
			<key>sourceTree</key>
			<string>SDKROOT</string>
		</dict>
		<key>EAE023AA196E811F00964A4A</key>
		<dict>
			<key>fileRef</key>
			<string>EAE023A9196E811F00964A4A</string>
			<key>isa</key>
			<string>PBXBuildFile</string>
		</dict>
		<key>EAE023AB196E811F00964A4A</key>
		<dict>
			<key>isa</key>
			<string>PBXFileReference</string>
			<key>lastKnownFileType</key>
			<string>wrapper.framework</string>
			<key>name</key>
			<string>CoreGraphics.framework</string>
			<key>path</key>
			<string>System/Library/Frameworks/CoreGraphics.framework</string>
			<key>sourceTree</key>
			<string>SDKROOT</string>
		</dict>
		<key>EAE023AC196E811F00964A4A</key>
		<dict>
			<key>fileRef</key>
			<string>EAE023AB196E811F00964A4A</string>
			<key>isa</key>
			<string>PBXBuildFile</string>
		</dict>
		<key>EAE023AD196E811F00964A4A</key>
		<dict>
			<key>isa</key>
			<string>PBXFileReference</string>
			<key>lastKnownFileType</key>
			<string>wrapper.framework</string>
			<key>name</key>
			<string>UIKit.framework</string>
			<key>path</key>
			<string>System/Library/Frameworks/UIKit.framework</string>
			<key>sourceTree</key>
			<string>SDKROOT</string>
		</dict>
		<key>EAE023AE196E811F00964A4A</key>
		<dict>
			<key>fileRef</key>
			<string>EAE023AD196E811F00964A4A</string>
			<key>isa</key>
			<string>PBXBuildFile</string>
		</dict>
		<key>EAE023AF196E811F00964A4A</key>
		<dict>
			<key>children</key>
			<array>
				<string>EAE023D8196E828A00964A4A</string>
				<string>EAE023B8196E811F00964A4A</string>
				<string>EAE023B9196E811F00964A4A</string>
				<string>EAE023BB196E811F00964A4A</string>
				<string>EAE023B0196E811F00964A4A</string>
			</array>
			<key>isa</key>
			<string>PBXGroup</string>
			<key>path</key>
			<string>ms-sdk-ios</string>
			<key>sourceTree</key>
			<string>&lt;group&gt;</string>
		</dict>
		<key>EAE023B0196E811F00964A4A</key>
		<dict>
			<key>children</key>
			<array>
				<string>EAE023B1196E811F00964A4A</string>
				<string>EAE023B2196E811F00964A4A</string>
				<string>EAE023B5196E811F00964A4A</string>
				<string>EAE023B7196E811F00964A4A</string>
			</array>
			<key>isa</key>
			<string>PBXGroup</string>
			<key>name</key>
			<string>Supporting Files</string>
			<key>sourceTree</key>
			<string>&lt;group&gt;</string>
		</dict>
		<key>EAE023B1196E811F00964A4A</key>
		<dict>
			<key>isa</key>
			<string>PBXFileReference</string>
			<key>lastKnownFileType</key>
			<string>text.plist.xml</string>
			<key>path</key>
			<string>ms-sdk-ios-Info.plist</string>
			<key>sourceTree</key>
			<string>&lt;group&gt;</string>
		</dict>
		<key>EAE023B2196E811F00964A4A</key>
		<dict>
			<key>children</key>
			<array>
				<string>EAE023B3196E811F00964A4A</string>
			</array>
			<key>isa</key>
			<string>PBXVariantGroup</string>
			<key>name</key>
			<string>InfoPlist.strings</string>
			<key>sourceTree</key>
			<string>&lt;group&gt;</string>
		</dict>
		<key>EAE023B3196E811F00964A4A</key>
		<dict>
			<key>isa</key>
			<string>PBXFileReference</string>
			<key>lastKnownFileType</key>
			<string>text.plist.strings</string>
			<key>name</key>
			<string>en</string>
			<key>path</key>
			<string>en.lproj/InfoPlist.strings</string>
			<key>sourceTree</key>
			<string>&lt;group&gt;</string>
		</dict>
		<key>EAE023B4196E811F00964A4A</key>
		<dict>
			<key>fileRef</key>
			<string>EAE023B2196E811F00964A4A</string>
			<key>isa</key>
			<string>PBXBuildFile</string>
		</dict>
		<key>EAE023B5196E811F00964A4A</key>
		<dict>
			<key>isa</key>
			<string>PBXFileReference</string>
			<key>lastKnownFileType</key>
			<string>sourcecode.c.objc</string>
			<key>path</key>
			<string>main.m</string>
			<key>sourceTree</key>
			<string>&lt;group&gt;</string>
		</dict>
		<key>EAE023B6196E811F00964A4A</key>
		<dict>
			<key>fileRef</key>
			<string>EAE023B5196E811F00964A4A</string>
			<key>isa</key>
			<string>PBXBuildFile</string>
		</dict>
		<key>EAE023B7196E811F00964A4A</key>
		<dict>
			<key>isa</key>
			<string>PBXFileReference</string>
			<key>lastKnownFileType</key>
			<string>sourcecode.c.h</string>
			<key>path</key>
			<string>ms-sdk-ios-Prefix.pch</string>
			<key>sourceTree</key>
			<string>&lt;group&gt;</string>
		</dict>
		<key>EAE023B8196E811F00964A4A</key>
		<dict>
			<key>isa</key>
			<string>PBXFileReference</string>
			<key>lastKnownFileType</key>
			<string>sourcecode.c.h</string>
			<key>path</key>
			<string>AppDelegate.h</string>
			<key>sourceTree</key>
			<string>&lt;group&gt;</string>
		</dict>
		<key>EAE023B9196E811F00964A4A</key>
		<dict>
			<key>isa</key>
			<string>PBXFileReference</string>
			<key>lastKnownFileType</key>
			<string>sourcecode.c.objc</string>
			<key>path</key>
			<string>AppDelegate.m</string>
			<key>sourceTree</key>
			<string>&lt;group&gt;</string>
		</dict>
		<key>EAE023BA196E811F00964A4A</key>
		<dict>
			<key>fileRef</key>
			<string>EAE023B9196E811F00964A4A</string>
			<key>isa</key>
			<string>PBXBuildFile</string>
		</dict>
		<key>EAE023BB196E811F00964A4A</key>
		<dict>
			<key>isa</key>
			<string>PBXFileReference</string>
			<key>lastKnownFileType</key>
			<string>folder.assetcatalog</string>
			<key>path</key>
			<string>Images.xcassets</string>
			<key>sourceTree</key>
			<string>&lt;group&gt;</string>
		</dict>
		<key>EAE023BC196E811F00964A4A</key>
		<dict>
			<key>fileRef</key>
			<string>EAE023BB196E811F00964A4A</string>
			<key>isa</key>
			<string>PBXBuildFile</string>
		</dict>
		<key>EAE023BD196E812000964A4A</key>
		<dict>
			<key>buildActionMask</key>
			<string>2147483647</string>
			<key>files</key>
			<array>
				<string>EAE02423196E828B00964A4A</string>
				<string>EAE023CF196E812000964A4A</string>
				<string>EAE0241D196E828B00964A4A</string>
				<string>EAE02427196E828B00964A4A</string>
				<string>EAE0242D196E828B00964A4A</string>
				<string>EAE02411196E828B00964A4A</string>
				<string>EAE02435196E828B00964A4A</string>
				<string>EAE02437196E828B00964A4A</string>
				<string>EAE02439196E828B00964A4A</string>
				<string>EAE02441196E828B00964A4A</string>
				<string>EAE0243B196E828B00964A4A</string>
				<string>EAE02425196E828B00964A4A</string>
				<string>EAE02433196E828B00964A4A</string>
				<string>EAE0242B196E828B00964A4A</string>
				<string>EAE02417196E828B00964A4A</string>
				<string>EAE02413196E828B00964A4A</string>
				<string>EAE0243D196E828B00964A4A</string>
				<string>EAE0241F196E828B00964A4A</string>
				<string>EAE02419196E828B00964A4A</string>
				<string>EAE0242F196E828B00964A4A</string>
				<string>EAE02421196E828B00964A4A</string>
				<string>EAE0243F196E828B00964A4A</string>
				<string>EAE0241B196E828B00964A4A</string>
				<string>EAE02431196E828B00964A4A</string>
				<string>EAE02429196E828B00964A4A</string>
				<string>EAE02415196E828B00964A4A</string>
				<string>EAE02443196E828B00964A4A</string>
			</array>
			<key>isa</key>
			<string>PBXSourcesBuildPhase</string>
			<key>runOnlyForDeploymentPostprocessing</key>
			<string>0</string>
		</dict>
		<key>EAE023BE196E812000964A4A</key>
		<dict>
			<key>buildActionMask</key>
			<string>2147483647</string>
			<key>files</key>
			<array>
				<string>EAE023C3196E812000964A4A</string>
				<string>EAE023C5196E812000964A4A</string>
				<string>EAE023C4196E812000964A4A</string>
				<string>D8CD6816E63C4B1284090E96</string>
			</array>
			<key>isa</key>
			<string>PBXFrameworksBuildPhase</string>
			<key>runOnlyForDeploymentPostprocessing</key>
			<string>0</string>
		</dict>
		<key>EAE023BF196E812000964A4A</key>
		<dict>
			<key>buildActionMask</key>
			<string>2147483647</string>
			<key>files</key>
			<array>
				<string>EAE023CD196E812000964A4A</string>
			</array>
			<key>isa</key>
			<string>PBXResourcesBuildPhase</string>
			<key>runOnlyForDeploymentPostprocessing</key>
			<string>0</string>
		</dict>
		<key>EAE023C0196E812000964A4A</key>
		<dict>
			<key>buildConfigurationList</key>
			<string>EAE023D5196E812000964A4A</string>
			<key>buildPhases</key>
			<array>
				<string>A9E8091BCF1041909CB5824A</string>
				<string>EAE023BD196E812000964A4A</string>
				<string>EAE023BE196E812000964A4A</string>
				<string>EAE023BF196E812000964A4A</string>
				<string>6ED6A18E84FF469CB878B65B</string>
			</array>
			<key>buildRules</key>
			<array/>
			<key>dependencies</key>
			<array>
				<string>EAE023C7196E812000964A4A</string>
			</array>
			<key>isa</key>
			<string>PBXNativeTarget</string>
			<key>name</key>
			<string>ms-sdk-iosTests</string>
			<key>productName</key>
			<string>ms-sdk-iosTests</string>
			<key>productReference</key>
			<string>EAE023C1196E812000964A4A</string>
			<key>productType</key>
			<string>com.apple.product-type.bundle.unit-test</string>
		</dict>
		<key>EAE023C1196E812000964A4A</key>
		<dict>
			<key>explicitFileType</key>
			<string>wrapper.cfbundle</string>
			<key>includeInIndex</key>
			<string>0</string>
			<key>isa</key>
			<string>PBXFileReference</string>
			<key>path</key>
			<string>ms-sdk-iosTests.xctest</string>
			<key>sourceTree</key>
			<string>BUILT_PRODUCTS_DIR</string>
		</dict>
		<key>EAE023C2196E812000964A4A</key>
		<dict>
			<key>isa</key>
			<string>PBXFileReference</string>
			<key>lastKnownFileType</key>
			<string>wrapper.framework</string>
			<key>name</key>
			<string>XCTest.framework</string>
			<key>path</key>
			<string>Library/Frameworks/XCTest.framework</string>
			<key>sourceTree</key>
			<string>DEVELOPER_DIR</string>
		</dict>
		<key>EAE023C3196E812000964A4A</key>
		<dict>
			<key>fileRef</key>
			<string>EAE023C2196E812000964A4A</string>
			<key>isa</key>
			<string>PBXBuildFile</string>
		</dict>
		<key>EAE023C4196E812000964A4A</key>
		<dict>
			<key>fileRef</key>
			<string>EAE023A9196E811F00964A4A</string>
			<key>isa</key>
			<string>PBXBuildFile</string>
		</dict>
		<key>EAE023C5196E812000964A4A</key>
		<dict>
			<key>fileRef</key>
			<string>EAE023AD196E811F00964A4A</string>
			<key>isa</key>
			<string>PBXBuildFile</string>
		</dict>
		<key>EAE023C6196E812000964A4A</key>
		<dict>
			<key>containerPortal</key>
			<string>EAE0239E196E811F00964A4A</string>
			<key>isa</key>
			<string>PBXContainerItemProxy</string>
			<key>proxyType</key>
			<string>1</string>
			<key>remoteGlobalIDString</key>
			<string>EAE023A5196E811F00964A4A</string>
			<key>remoteInfo</key>
			<string>ms-sdk-ios</string>
		</dict>
		<key>EAE023C7196E812000964A4A</key>
		<dict>
			<key>isa</key>
			<string>PBXTargetDependency</string>
			<key>target</key>
			<string>EAE023A5196E811F00964A4A</string>
			<key>targetProxy</key>
			<string>EAE023C6196E812000964A4A</string>
		</dict>
		<key>EAE023C8196E812000964A4A</key>
		<dict>
			<key>children</key>
			<array>
				<string>EAE023CE196E812000964A4A</string>
				<string>EAE023C9196E812000964A4A</string>
			</array>
			<key>isa</key>
			<string>PBXGroup</string>
			<key>path</key>
			<string>ms-sdk-iosTests</string>
			<key>sourceTree</key>
			<string>&lt;group&gt;</string>
		</dict>
		<key>EAE023C9196E812000964A4A</key>
		<dict>
			<key>children</key>
			<array>
				<string>EAE023CA196E812000964A4A</string>
				<string>EAE023CB196E812000964A4A</string>
			</array>
			<key>isa</key>
			<string>PBXGroup</string>
			<key>name</key>
			<string>Supporting Files</string>
			<key>sourceTree</key>
			<string>&lt;group&gt;</string>
		</dict>
		<key>EAE023CA196E812000964A4A</key>
		<dict>
			<key>isa</key>
			<string>PBXFileReference</string>
			<key>lastKnownFileType</key>
			<string>text.plist.xml</string>
			<key>path</key>
			<string>ms-sdk-iosTests-Info.plist</string>
			<key>sourceTree</key>
			<string>&lt;group&gt;</string>
		</dict>
		<key>EAE023CB196E812000964A4A</key>
		<dict>
			<key>children</key>
			<array>
				<string>EAE023CC196E812000964A4A</string>
			</array>
			<key>isa</key>
			<string>PBXVariantGroup</string>
			<key>name</key>
			<string>InfoPlist.strings</string>
			<key>sourceTree</key>
			<string>&lt;group&gt;</string>
		</dict>
		<key>EAE023CC196E812000964A4A</key>
		<dict>
			<key>isa</key>
			<string>PBXFileReference</string>
			<key>lastKnownFileType</key>
			<string>text.plist.strings</string>
			<key>name</key>
			<string>en</string>
			<key>path</key>
			<string>en.lproj/InfoPlist.strings</string>
			<key>sourceTree</key>
			<string>&lt;group&gt;</string>
		</dict>
		<key>EAE023CD196E812000964A4A</key>
		<dict>
			<key>fileRef</key>
			<string>EAE023CB196E812000964A4A</string>
			<key>isa</key>
			<string>PBXBuildFile</string>
		</dict>
		<key>EAE023CE196E812000964A4A</key>
		<dict>
			<key>isa</key>
			<string>PBXFileReference</string>
			<key>lastKnownFileType</key>
			<string>sourcecode.c.objc</string>
			<key>path</key>
			<string>ms_sdk_iosTests.m</string>
			<key>sourceTree</key>
			<string>&lt;group&gt;</string>
		</dict>
		<key>EAE023CF196E812000964A4A</key>
		<dict>
			<key>fileRef</key>
			<string>EAE023CE196E812000964A4A</string>
			<key>isa</key>
			<string>PBXBuildFile</string>
		</dict>
		<key>EAE023D0196E812000964A4A</key>
		<dict>
			<key>buildSettings</key>
			<dict>
				<key>ALWAYS_SEARCH_USER_PATHS</key>
				<string>NO</string>
				<key>CLANG_CXX_LANGUAGE_STANDARD</key>
				<string>gnu++0x</string>
				<key>CLANG_CXX_LIBRARY</key>
				<string>libc++</string>
				<key>CLANG_ENABLE_MODULES</key>
				<string>YES</string>
				<key>CLANG_ENABLE_OBJC_ARC</key>
				<string>YES</string>
				<key>CLANG_WARN_BOOL_CONVERSION</key>
				<string>YES</string>
				<key>CLANG_WARN_CONSTANT_CONVERSION</key>
				<string>YES</string>
				<key>CLANG_WARN_DIRECT_OBJC_ISA_USAGE</key>
				<string>YES_ERROR</string>
				<key>CLANG_WARN_EMPTY_BODY</key>
				<string>YES</string>
				<key>CLANG_WARN_ENUM_CONVERSION</key>
				<string>YES</string>
				<key>CLANG_WARN_INT_CONVERSION</key>
				<string>YES</string>
				<key>CLANG_WARN_OBJC_ROOT_CLASS</key>
				<string>YES_ERROR</string>
				<key>CLANG_WARN__DUPLICATE_METHOD_MATCH</key>
				<string>YES</string>
				<key>CODE_SIGN_IDENTITY[sdk=iphoneos*]</key>
				<string>iPhone Developer</string>
				<key>COPY_PHASE_STRIP</key>
				<string>NO</string>
				<key>GCC_C_LANGUAGE_STANDARD</key>
				<string>gnu99</string>
				<key>GCC_DYNAMIC_NO_PIC</key>
				<string>NO</string>
				<key>GCC_OPTIMIZATION_LEVEL</key>
				<string>0</string>
				<key>GCC_PREPROCESSOR_DEFINITIONS</key>
				<array>
					<string>DEBUG=1</string>
					<string>$(inherited)</string>
				</array>
				<key>GCC_SYMBOLS_PRIVATE_EXTERN</key>
				<string>NO</string>
				<key>GCC_WARN_64_TO_32_BIT_CONVERSION</key>
				<string>YES</string>
				<key>GCC_WARN_ABOUT_RETURN_TYPE</key>
				<string>YES_ERROR</string>
				<key>GCC_WARN_UNDECLARED_SELECTOR</key>
				<string>YES</string>
				<key>GCC_WARN_UNINITIALIZED_AUTOS</key>
				<string>YES_AGGRESSIVE</string>
				<key>GCC_WARN_UNUSED_FUNCTION</key>
				<string>YES</string>
				<key>GCC_WARN_UNUSED_VARIABLE</key>
				<string>YES</string>
				<key>IPHONEOS_DEPLOYMENT_TARGET</key>
				<string>7.1</string>
				<key>ONLY_ACTIVE_ARCH</key>
				<string>YES</string>
				<key>SDKROOT</key>
				<string>iphoneos</string>
				<key>TARGETED_DEVICE_FAMILY</key>
				<string>1,2</string>
			</dict>
			<key>isa</key>
			<string>XCBuildConfiguration</string>
			<key>name</key>
			<string>Debug</string>
		</dict>
		<key>EAE023D1196E812000964A4A</key>
		<dict>
			<key>buildSettings</key>
			<dict>
				<key>ALWAYS_SEARCH_USER_PATHS</key>
				<string>NO</string>
				<key>CLANG_CXX_LANGUAGE_STANDARD</key>
				<string>gnu++0x</string>
				<key>CLANG_CXX_LIBRARY</key>
				<string>libc++</string>
				<key>CLANG_ENABLE_MODULES</key>
				<string>YES</string>
				<key>CLANG_ENABLE_OBJC_ARC</key>
				<string>YES</string>
				<key>CLANG_WARN_BOOL_CONVERSION</key>
				<string>YES</string>
				<key>CLANG_WARN_CONSTANT_CONVERSION</key>
				<string>YES</string>
				<key>CLANG_WARN_DIRECT_OBJC_ISA_USAGE</key>
				<string>YES_ERROR</string>
				<key>CLANG_WARN_EMPTY_BODY</key>
				<string>YES</string>
				<key>CLANG_WARN_ENUM_CONVERSION</key>
				<string>YES</string>
				<key>CLANG_WARN_INT_CONVERSION</key>
				<string>YES</string>
				<key>CLANG_WARN_OBJC_ROOT_CLASS</key>
				<string>YES_ERROR</string>
				<key>CLANG_WARN__DUPLICATE_METHOD_MATCH</key>
				<string>YES</string>
				<key>CODE_SIGN_IDENTITY[sdk=iphoneos*]</key>
				<string>iPhone Developer</string>
				<key>COPY_PHASE_STRIP</key>
				<string>YES</string>
				<key>ENABLE_NS_ASSERTIONS</key>
				<string>NO</string>
				<key>GCC_C_LANGUAGE_STANDARD</key>
				<string>gnu99</string>
				<key>GCC_WARN_64_TO_32_BIT_CONVERSION</key>
				<string>YES</string>
				<key>GCC_WARN_ABOUT_RETURN_TYPE</key>
				<string>YES_ERROR</string>
				<key>GCC_WARN_UNDECLARED_SELECTOR</key>
				<string>YES</string>
				<key>GCC_WARN_UNINITIALIZED_AUTOS</key>
				<string>YES_AGGRESSIVE</string>
				<key>GCC_WARN_UNUSED_FUNCTION</key>
				<string>YES</string>
				<key>GCC_WARN_UNUSED_VARIABLE</key>
				<string>YES</string>
				<key>IPHONEOS_DEPLOYMENT_TARGET</key>
				<string>7.1</string>
				<key>SDKROOT</key>
				<string>iphoneos</string>
				<key>TARGETED_DEVICE_FAMILY</key>
				<string>1,2</string>
				<key>VALIDATE_PRODUCT</key>
				<string>YES</string>
			</dict>
			<key>isa</key>
			<string>XCBuildConfiguration</string>
			<key>name</key>
			<string>Release</string>
		</dict>
		<key>EAE023D2196E812000964A4A</key>
		<dict>
			<key>buildConfigurations</key>
			<array>
				<string>EAE023D3196E812000964A4A</string>
				<string>EAE023D4196E812000964A4A</string>
			</array>
			<key>defaultConfigurationIsVisible</key>
			<string>0</string>
			<key>isa</key>
			<string>XCConfigurationList</string>
		</dict>
		<key>EAE023D3196E812000964A4A</key>
		<dict>
			<key>baseConfigurationReference</key>
			<string>D84AD0FDA8E6449AAAA91822</string>
			<key>buildSettings</key>
			<dict>
				<key>ASSETCATALOG_COMPILER_APPICON_NAME</key>
				<string>AppIcon</string>
				<key>ASSETCATALOG_COMPILER_LAUNCHIMAGE_NAME</key>
				<string>LaunchImage</string>
				<key>GCC_PRECOMPILE_PREFIX_HEADER</key>
				<string>YES</string>
				<key>GCC_PREFIX_HEADER</key>
				<string>ms-sdk-ios/ms-sdk-ios-Prefix.pch</string>
				<key>INFOPLIST_FILE</key>
				<string>ms-sdk-ios/ms-sdk-ios-Info.plist</string>
				<key>PRODUCT_NAME</key>
				<string>$(TARGET_NAME)</string>
				<key>WRAPPER_EXTENSION</key>
				<string>app</string>
			</dict>
			<key>isa</key>
			<string>XCBuildConfiguration</string>
			<key>name</key>
			<string>Debug</string>
		</dict>
		<key>EAE023D4196E812000964A4A</key>
		<dict>
			<key>baseConfigurationReference</key>
			<string>D84AD0FDA8E6449AAAA91822</string>
			<key>buildSettings</key>
			<dict>
				<key>ASSETCATALOG_COMPILER_APPICON_NAME</key>
				<string>AppIcon</string>
				<key>ASSETCATALOG_COMPILER_LAUNCHIMAGE_NAME</key>
				<string>LaunchImage</string>
				<key>GCC_PRECOMPILE_PREFIX_HEADER</key>
				<string>YES</string>
				<key>GCC_PREFIX_HEADER</key>
				<string>ms-sdk-ios/ms-sdk-ios-Prefix.pch</string>
				<key>INFOPLIST_FILE</key>
				<string>ms-sdk-ios/ms-sdk-ios-Info.plist</string>
				<key>PRODUCT_NAME</key>
				<string>$(TARGET_NAME)</string>
				<key>WRAPPER_EXTENSION</key>
				<string>app</string>
			</dict>
			<key>isa</key>
			<string>XCBuildConfiguration</string>
			<key>name</key>
			<string>Release</string>
		</dict>
		<key>EAE023D5196E812000964A4A</key>
		<dict>
			<key>buildConfigurations</key>
			<array>
				<string>EAE023D6196E812000964A4A</string>
				<string>EAE023D7196E812000964A4A</string>
			</array>
			<key>defaultConfigurationIsVisible</key>
			<string>0</string>
			<key>isa</key>
			<string>XCConfigurationList</string>
		</dict>
		<key>EAE023D6196E812000964A4A</key>
		<dict>
			<key>baseConfigurationReference</key>
			<string>D84AD0FDA8E6449AAAA91822</string>
			<key>buildSettings</key>
			<dict>
				<key>BUNDLE_LOADER</key>
				<string>$(BUILT_PRODUCTS_DIR)/ms-sdk-ios.app/ms-sdk-ios</string>
				<key>FRAMEWORK_SEARCH_PATHS</key>
				<array>
					<string>$(SDKROOT)/Developer/Library/Frameworks</string>
					<string>$(inherited)</string>
					<string>$(DEVELOPER_FRAMEWORKS_DIR)</string>
				</array>
				<key>GCC_PRECOMPILE_PREFIX_HEADER</key>
				<string>YES</string>
				<key>GCC_PREFIX_HEADER</key>
				<string>ms-sdk-ios/ms-sdk-ios-Prefix.pch</string>
				<key>GCC_PREPROCESSOR_DEFINITIONS</key>
				<array>
					<string>DEBUG=1</string>
					<string>$(inherited)</string>
				</array>
				<key>INFOPLIST_FILE</key>
				<string>ms-sdk-iosTests/ms-sdk-iosTests-Info.plist</string>
				<key>PRODUCT_NAME</key>
				<string>$(TARGET_NAME)</string>
				<key>TEST_HOST</key>
				<string>$(BUNDLE_LOADER)</string>
				<key>WRAPPER_EXTENSION</key>
				<string>xctest</string>
			</dict>
			<key>isa</key>
			<string>XCBuildConfiguration</string>
			<key>name</key>
			<string>Debug</string>
		</dict>
		<key>EAE023D7196E812000964A4A</key>
		<dict>
			<key>baseConfigurationReference</key>
			<string>D84AD0FDA8E6449AAAA91822</string>
			<key>buildSettings</key>
			<dict>
				<key>BUNDLE_LOADER</key>
				<string>$(BUILT_PRODUCTS_DIR)/ms-sdk-ios.app/ms-sdk-ios</string>
				<key>FRAMEWORK_SEARCH_PATHS</key>
				<array>
					<string>$(SDKROOT)/Developer/Library/Frameworks</string>
					<string>$(inherited)</string>
					<string>$(DEVELOPER_FRAMEWORKS_DIR)</string>
				</array>
				<key>GCC_PRECOMPILE_PREFIX_HEADER</key>
				<string>YES</string>
				<key>GCC_PREFIX_HEADER</key>
				<string>ms-sdk-ios/ms-sdk-ios-Prefix.pch</string>
				<key>INFOPLIST_FILE</key>
				<string>ms-sdk-iosTests/ms-sdk-iosTests-Info.plist</string>
				<key>PRODUCT_NAME</key>
				<string>$(TARGET_NAME)</string>
				<key>TEST_HOST</key>
				<string>$(BUNDLE_LOADER)</string>
				<key>WRAPPER_EXTENSION</key>
				<string>xctest</string>
			</dict>
			<key>isa</key>
			<string>XCBuildConfiguration</string>
			<key>name</key>
			<string>Release</string>
		</dict>
		<key>EAE023D8196E828A00964A4A</key>
		<dict>
			<key>children</key>
			<array>
				<string>EAE023DA196E828A00964A4A</string>
				<string>EAE023DB196E828A00964A4A</string>
				<string>EAE023DC196E828A00964A4A</string>
				<string>EAE023DD196E828A00964A4A</string>
				<string>EAE023DE196E828A00964A4A</string>
				<string>EAE023DF196E828A00964A4A</string>
				<string>EAE023E0196E828A00964A4A</string>
				<string>EAE023E1196E828A00964A4A</string>
				<string>EAE023E2196E828A00964A4A</string>
				<string>EAE023E3196E828A00964A4A</string>
				<string>EAE023E4196E828A00964A4A</string>
				<string>EAE023E5196E828A00964A4A</string>
				<string>EAE023E6196E828A00964A4A</string>
				<string>EAE023E7196E828A00964A4A</string>
				<string>EAE023E8196E828A00964A4A</string>
				<string>EAE023E9196E828A00964A4A</string>
				<string>EAE023EA196E828A00964A4A</string>
				<string>EAE023EB196E828A00964A4A</string>
				<string>EAE023EC196E828A00964A4A</string>
				<string>EAE023ED196E828A00964A4A</string>
				<string>EAE023EE196E828A00964A4A</string>
				<string>EAE023EF196E828A00964A4A</string>
				<string>EAE023F0196E828A00964A4A</string>
				<string>EAE023F1196E828A00964A4A</string>
				<string>EAE023F2196E828A00964A4A</string>
				<string>EAE023F3196E828A00964A4A</string>
				<string>EAE023F4196E828A00964A4A</string>
				<string>EAE023F5196E828A00964A4A</string>
				<string>EAE023F6196E828A00964A4A</string>
				<string>EAE023F7196E828A00964A4A</string>
				<string>EAE023F8196E828A00964A4A</string>
				<string>EAE023F9196E828A00964A4A</string>
				<string>EAE023FA196E828A00964A4A</string>
				<string>EAE023FB196E828A00964A4A</string>
				<string>EAE023FC196E828A00964A4A</string>
				<string>EAE023FD196E828A00964A4A</string>
				<string>EAE023FE196E828A00964A4A</string>
				<string>EAE023FF196E828A00964A4A</string>
				<string>EAE02400196E828A00964A4A</string>
				<string>EAE02401196E828A00964A4A</string>
				<string>EAE02402196E828A00964A4A</string>
				<string>EAE02403196E828A00964A4A</string>
				<string>EAE02404196E828B00964A4A</string>
				<string>EAE02405196E828B00964A4A</string>
				<string>EAE02406196E828B00964A4A</string>
				<string>EAE02407196E828B00964A4A</string>
				<string>EAE02408196E828B00964A4A</string>
				<string>EAE02409196E828B00964A4A</string>
				<string>EAE0240A196E828B00964A4A</string>
				<string>EAE0240B196E828B00964A4A</string>
				<string>EAE0240C196E828B00964A4A</string>
				<string>EAE0240D196E828B00964A4A</string>
			</array>
			<key>isa</key>
			<string>PBXGroup</string>
			<key>path</key>
			<string>Classes</string>
			<key>sourceTree</key>
			<string>&lt;group&gt;</string>
		</dict>
		<key>EAE023DA196E828A00964A4A</key>
		<dict>
			<key>fileEncoding</key>
			<string>4</string>
			<key>isa</key>
			<string>PBXFileReference</string>
			<key>lastKnownFileType</key>
			<string>sourcecode.c.h</string>
			<key>path</key>
			<string>SWGApiClient.h</string>
			<key>sourceTree</key>
			<string>&lt;group&gt;</string>
		</dict>
		<key>EAE023DB196E828A00964A4A</key>
		<dict>
			<key>fileEncoding</key>
			<string>4</string>
			<key>isa</key>
			<string>PBXFileReference</string>
			<key>lastKnownFileType</key>
			<string>sourcecode.c.objc</string>
			<key>path</key>
			<string>SWGApiClient.m</string>
			<key>sourceTree</key>
			<string>&lt;group&gt;</string>
		</dict>
		<key>EAE023DC196E828A00964A4A</key>
		<dict>
			<key>fileEncoding</key>
			<string>4</string>
			<key>isa</key>
			<string>PBXFileReference</string>
			<key>lastKnownFileType</key>
			<string>sourcecode.c.h</string>
			<key>path</key>
			<string>SWGContainer.h</string>
			<key>sourceTree</key>
			<string>&lt;group&gt;</string>
		</dict>
		<key>EAE023DD196E828A00964A4A</key>
		<dict>
			<key>fileEncoding</key>
			<string>4</string>
			<key>isa</key>
			<string>PBXFileReference</string>
			<key>lastKnownFileType</key>
			<string>sourcecode.c.objc</string>
			<key>path</key>
			<string>SWGContainer.m</string>
			<key>sourceTree</key>
			<string>&lt;group&gt;</string>
		</dict>
		<key>EAE023DE196E828A00964A4A</key>
		<dict>
			<key>fileEncoding</key>
			<string>4</string>
			<key>isa</key>
			<string>PBXFileReference</string>
			<key>lastKnownFileType</key>
			<string>sourcecode.c.h</string>
			<key>path</key>
			<string>SWGDate.h</string>
			<key>sourceTree</key>
			<string>&lt;group&gt;</string>
		</dict>
		<key>EAE023DF196E828A00964A4A</key>
		<dict>
			<key>fileEncoding</key>
			<string>4</string>
			<key>isa</key>
			<string>PBXFileReference</string>
			<key>lastKnownFileType</key>
			<string>sourcecode.c.objc</string>
			<key>path</key>
			<string>SWGDate.m</string>
			<key>sourceTree</key>
			<string>&lt;group&gt;</string>
		</dict>
		<key>EAE023E0196E828A00964A4A</key>
		<dict>
			<key>fileEncoding</key>
			<string>4</string>
			<key>isa</key>
			<string>PBXFileReference</string>
			<key>lastKnownFileType</key>
			<string>sourcecode.c.h</string>
			<key>path</key>
			<string>SWGDevice.h</string>
			<key>sourceTree</key>
			<string>&lt;group&gt;</string>
		</dict>
		<key>EAE023E1196E828A00964A4A</key>
		<dict>
			<key>fileEncoding</key>
			<string>4</string>
			<key>isa</key>
			<string>PBXFileReference</string>
			<key>lastKnownFileType</key>
			<string>sourcecode.c.objc</string>
			<key>path</key>
			<string>SWGDevice.m</string>
			<key>sourceTree</key>
			<string>&lt;group&gt;</string>
		</dict>
		<key>EAE023E2196E828A00964A4A</key>
		<dict>
			<key>fileEncoding</key>
			<string>4</string>
			<key>isa</key>
			<string>PBXFileReference</string>
			<key>lastKnownFileType</key>
			<string>sourcecode.c.h</string>
			<key>path</key>
			<string>SWGDocument.h</string>
			<key>sourceTree</key>
			<string>&lt;group&gt;</string>
		</dict>
		<key>EAE023E3196E828A00964A4A</key>
		<dict>
			<key>fileEncoding</key>
			<string>4</string>
			<key>isa</key>
			<string>PBXFileReference</string>
			<key>lastKnownFileType</key>
			<string>sourcecode.c.objc</string>
			<key>path</key>
			<string>SWGDocument.m</string>
			<key>sourceTree</key>
			<string>&lt;group&gt;</string>
		</dict>
		<key>EAE023E4196E828A00964A4A</key>
		<dict>
			<key>fileEncoding</key>
			<string>4</string>
			<key>isa</key>
			<string>PBXFileReference</string>
			<key>lastKnownFileType</key>
			<string>sourcecode.c.h</string>
			<key>path</key>
			<string>SWGErrorResponse.h</string>
			<key>sourceTree</key>
			<string>&lt;group&gt;</string>
		</dict>
		<key>EAE023E5196E828A00964A4A</key>
		<dict>
			<key>fileEncoding</key>
			<string>4</string>
			<key>isa</key>
			<string>PBXFileReference</string>
			<key>lastKnownFileType</key>
			<string>sourcecode.c.objc</string>
			<key>path</key>
			<string>SWGErrorResponse.m</string>
			<key>sourceTree</key>
			<string>&lt;group&gt;</string>
		</dict>
		<key>EAE023E6196E828A00964A4A</key>
		<dict>
			<key>fileEncoding</key>
			<string>4</string>
			<key>isa</key>
			<string>PBXFileReference</string>
			<key>lastKnownFileType</key>
			<string>sourcecode.c.h</string>
			<key>path</key>
			<string>SWGEventHistory.h</string>
			<key>sourceTree</key>
			<string>&lt;group&gt;</string>
		</dict>
		<key>EAE023E7196E828A00964A4A</key>
		<dict>
			<key>fileEncoding</key>
			<string>4</string>
			<key>isa</key>
			<string>PBXFileReference</string>
			<key>lastKnownFileType</key>
			<string>sourcecode.c.objc</string>
			<key>path</key>
			<string>SWGEventHistory.m</string>
			<key>sourceTree</key>
			<string>&lt;group&gt;</string>
		</dict>
		<key>EAE023E8196E828A00964A4A</key>
		<dict>
			<key>fileEncoding</key>
			<string>4</string>
			<key>isa</key>
			<string>PBXFileReference</string>
			<key>lastKnownFileType</key>
			<string>sourcecode.c.h</string>
			<key>path</key>
			<string>SWGEvidence.h</string>
			<key>sourceTree</key>
			<string>&lt;group&gt;</string>
		</dict>
		<key>EAE023E9196E828A00964A4A</key>
		<dict>
			<key>fileEncoding</key>
			<string>4</string>
			<key>isa</key>
			<string>PBXFileReference</string>
			<key>lastKnownFileType</key>
			<string>sourcecode.c.objc</string>
			<key>path</key>
			<string>SWGEvidence.m</string>
			<key>sourceTree</key>
			<string>&lt;group&gt;</string>
		</dict>
		<key>EAE023EA196E828A00964A4A</key>
		<dict>
			<key>fileEncoding</key>
			<string>4</string>
			<key>isa</key>
			<string>PBXFileReference</string>
			<key>lastKnownFileType</key>
			<string>sourcecode.c.h</string>
			<key>path</key>
			<string>SWGFile.h</string>
			<key>sourceTree</key>
			<string>&lt;group&gt;</string>
		</dict>
		<key>EAE023EB196E828A00964A4A</key>
		<dict>
			<key>fileEncoding</key>
			<string>4</string>
			<key>isa</key>
			<string>PBXFileReference</string>
			<key>lastKnownFileType</key>
			<string>sourcecode.c.objc</string>
			<key>path</key>
			<string>SWGFile.m</string>
			<key>sourceTree</key>
			<string>&lt;group&gt;</string>
		</dict>
		<key>EAE023EC196E828A00964A4A</key>
		<dict>
			<key>fileEncoding</key>
			<string>4</string>
			<key>isa</key>
			<string>PBXFileReference</string>
			<key>lastKnownFileType</key>
			<string>sourcecode.c.h</string>
			<key>path</key>
			<string>SWGForm.h</string>
			<key>sourceTree</key>
			<string>&lt;group&gt;</string>
		</dict>
		<key>EAE023ED196E828A00964A4A</key>
		<dict>
			<key>fileEncoding</key>
			<string>4</string>
			<key>isa</key>
			<string>PBXFileReference</string>
			<key>lastKnownFileType</key>
			<string>sourcecode.c.objc</string>
			<key>path</key>
			<string>SWGForm.m</string>
			<key>sourceTree</key>
			<string>&lt;group&gt;</string>
		</dict>
		<key>EAE023EE196E828A00964A4A</key>
		<dict>
			<key>fileEncoding</key>
			<string>4</string>
			<key>isa</key>
			<string>PBXFileReference</string>
			<key>lastKnownFileType</key>
			<string>sourcecode.c.h</string>
			<key>path</key>
			<string>SWGFormNestedValue.h</string>
			<key>sourceTree</key>
			<string>&lt;group&gt;</string>
		</dict>
		<key>EAE023EF196E828A00964A4A</key>
		<dict>
			<key>fileEncoding</key>
			<string>4</string>
			<key>isa</key>
			<string>PBXFileReference</string>
			<key>lastKnownFileType</key>
			<string>sourcecode.c.objc</string>
			<key>path</key>
			<string>SWGFormNestedValue.m</string>
			<key>sourceTree</key>
			<string>&lt;group&gt;</string>
		</dict>
		<key>EAE023F0196E828A00964A4A</key>
		<dict>
			<key>fileEncoding</key>
			<string>4</string>
			<key>isa</key>
			<string>PBXFileReference</string>
			<key>lastKnownFileType</key>
			<string>sourcecode.c.h</string>
			<key>path</key>
			<string>SWGFormValue.h</string>
			<key>sourceTree</key>
			<string>&lt;group&gt;</string>
		</dict>
		<key>EAE023F1196E828A00964A4A</key>
		<dict>
			<key>fileEncoding</key>
			<string>4</string>
			<key>isa</key>
			<string>PBXFileReference</string>
			<key>lastKnownFileType</key>
			<string>sourcecode.c.objc</string>
			<key>path</key>
			<string>SWGFormValue.m</string>
			<key>sourceTree</key>
			<string>&lt;group&gt;</string>
		</dict>
		<key>EAE023F2196E828A00964A4A</key>
		<dict>
			<key>fileEncoding</key>
			<string>4</string>
			<key>isa</key>
			<string>PBXFileReference</string>
			<key>lastKnownFileType</key>
			<string>sourcecode.c.h</string>
			<key>path</key>
			<string>SWGItem.h</string>
			<key>sourceTree</key>
			<string>&lt;group&gt;</string>
		</dict>
		<key>EAE023F3196E828A00964A4A</key>
		<dict>
			<key>fileEncoding</key>
			<string>4</string>
			<key>isa</key>
			<string>PBXFileReference</string>
			<key>lastKnownFileType</key>
			<string>sourcecode.c.objc</string>
			<key>path</key>
			<string>SWGItem.m</string>
			<key>sourceTree</key>
			<string>&lt;group&gt;</string>
		</dict>
		<key>EAE023F4196E828A00964A4A</key>
		<dict>
			<key>fileEncoding</key>
			<string>4</string>
			<key>isa</key>
			<string>PBXFileReference</string>
			<key>lastKnownFileType</key>
			<string>sourcecode.c.h</string>
			<key>path</key>
			<string>SWGMessage.h</string>
			<key>sourceTree</key>
			<string>&lt;group&gt;</string>
		</dict>
		<key>EAE023F5196E828A00964A4A</key>
		<dict>
			<key>fileEncoding</key>
			<string>4</string>
			<key>isa</key>
			<string>PBXFileReference</string>
			<key>lastKnownFileType</key>
			<string>sourcecode.c.objc</string>
			<key>path</key>
			<string>SWGMessage.m</string>
			<key>sourceTree</key>
			<string>&lt;group&gt;</string>
		</dict>
		<key>EAE023F6196E828A00964A4A</key>
		<dict>
			<key>fileEncoding</key>
			<string>4</string>
			<key>isa</key>
			<string>PBXFileReference</string>
			<key>lastKnownFileType</key>
			<string>sourcecode.c.h</string>
			<key>path</key>
			<string>SWGNotification.h</string>
			<key>sourceTree</key>
			<string>&lt;group&gt;</string>
		</dict>
		<key>EAE023F7196E828A00964A4A</key>
		<dict>
			<key>fileEncoding</key>
			<string>4</string>
			<key>isa</key>
			<string>PBXFileReference</string>
			<key>lastKnownFileType</key>
			<string>sourcecode.c.objc</string>
			<key>path</key>
			<string>SWGNotification.m</string>
			<key>sourceTree</key>
			<string>&lt;group&gt;</string>
		</dict>
		<key>EAE023F8196E828A00964A4A</key>
		<dict>
			<key>fileEncoding</key>
			<string>4</string>
			<key>isa</key>
			<string>PBXFileReference</string>
			<key>lastKnownFileType</key>
			<string>sourcecode.c.h</string>
			<key>path</key>
			<string>SWGObject.h</string>
			<key>sourceTree</key>
			<string>&lt;group&gt;</string>
		</dict>
		<key>EAE023F9196E828A00964A4A</key>
		<dict>
			<key>fileEncoding</key>
			<string>4</string>
			<key>isa</key>
			<string>PBXFileReference</string>
			<key>lastKnownFileType</key>
			<string>sourcecode.c.objc</string>
			<key>path</key>
			<string>SWGObject.m</string>
			<key>sourceTree</key>
			<string>&lt;group&gt;</string>
		</dict>
		<key>EAE023FA196E828A00964A4A</key>
		<dict>
			<key>fileEncoding</key>
			<string>4</string>
			<key>isa</key>
			<string>PBXFileReference</string>
			<key>lastKnownFileType</key>
			<string>sourcecode.c.h</string>
			<key>path</key>
			<string>SWGParam.h</string>
			<key>sourceTree</key>
			<string>&lt;group&gt;</string>
		</dict>
		<key>EAE023FB196E828A00964A4A</key>
		<dict>
			<key>fileEncoding</key>
			<string>4</string>
			<key>isa</key>
			<string>PBXFileReference</string>
			<key>lastKnownFileType</key>
			<string>sourcecode.c.objc</string>
			<key>path</key>
			<string>SWGParam.m</string>
			<key>sourceTree</key>
			<string>&lt;group&gt;</string>
		</dict>
		<key>EAE023FC196E828A00964A4A</key>
		<dict>
			<key>fileEncoding</key>
			<string>4</string>
			<key>isa</key>
			<string>PBXFileReference</string>
			<key>lastKnownFileType</key>
			<string>sourcecode.c.h</string>
			<key>path</key>
			<string>SWGPolicy.h</string>
			<key>sourceTree</key>
			<string>&lt;group&gt;</string>
		</dict>
		<key>EAE023FD196E828A00964A4A</key>
		<dict>
			<key>fileEncoding</key>
			<string>4</string>
			<key>isa</key>
			<string>PBXFileReference</string>
			<key>lastKnownFileType</key>
			<string>sourcecode.c.objc</string>
			<key>path</key>
			<string>SWGPolicy.m</string>
			<key>sourceTree</key>
			<string>&lt;group&gt;</string>
		</dict>
		<key>EAE023FE196E828A00964A4A</key>
		<dict>
			<key>fileEncoding</key>
			<string>4</string>
			<key>isa</key>
			<string>PBXFileReference</string>
			<key>lastKnownFileType</key>
			<string>sourcecode.c.h</string>
			<key>path</key>
			<string>SWGPosition.h</string>
			<key>sourceTree</key>
			<string>&lt;group&gt;</string>
		</dict>
		<key>EAE023FF196E828A00964A4A</key>
		<dict>
			<key>fileEncoding</key>
			<string>4</string>
			<key>isa</key>
			<string>PBXFileReference</string>
			<key>lastKnownFileType</key>
			<string>sourcecode.c.objc</string>
			<key>path</key>
			<string>SWGPosition.m</string>
			<key>sourceTree</key>
			<string>&lt;group&gt;</string>
		</dict>
		<key>EAE02400196E828A00964A4A</key>
		<dict>
			<key>fileEncoding</key>
			<string>4</string>
			<key>isa</key>
			<string>PBXFileReference</string>
			<key>lastKnownFileType</key>
			<string>sourcecode.c.h</string>
			<key>path</key>
			<string>SWGRectangle.h</string>
			<key>sourceTree</key>
			<string>&lt;group&gt;</string>
		</dict>
		<key>EAE02401196E828A00964A4A</key>
		<dict>
			<key>fileEncoding</key>
			<string>4</string>
			<key>isa</key>
			<string>PBXFileReference</string>
			<key>lastKnownFileType</key>
			<string>sourcecode.c.objc</string>
			<key>path</key>
			<string>SWGRectangle.m</string>
			<key>sourceTree</key>
			<string>&lt;group&gt;</string>
		</dict>
		<key>EAE02402196E828A00964A4A</key>
		<dict>
			<key>fileEncoding</key>
			<string>4</string>
			<key>isa</key>
			<string>PBXFileReference</string>
			<key>lastKnownFileType</key>
			<string>sourcecode.c.h</string>
			<key>path</key>
			<string>SWGRow.h</string>
			<key>sourceTree</key>
			<string>&lt;group&gt;</string>
		</dict>
		<key>EAE02403196E828A00964A4A</key>
		<dict>
			<key>fileEncoding</key>
			<string>4</string>
			<key>isa</key>
			<string>PBXFileReference</string>
			<key>lastKnownFileType</key>
			<string>sourcecode.c.objc</string>
			<key>path</key>
			<string>SWGRow.m</string>
			<key>sourceTree</key>
			<string>&lt;group&gt;</string>
		</dict>
		<key>EAE02404196E828B00964A4A</key>
		<dict>
			<key>fileEncoding</key>
			<string>4</string>
			<key>isa</key>
			<string>PBXFileReference</string>
			<key>lastKnownFileType</key>
			<string>sourcecode.c.h</string>
			<key>path</key>
			<string>SWGSetting.h</string>
			<key>sourceTree</key>
			<string>&lt;group&gt;</string>
		</dict>
		<key>EAE02405196E828B00964A4A</key>
		<dict>
			<key>fileEncoding</key>
			<string>4</string>
			<key>isa</key>
			<string>PBXFileReference</string>
			<key>lastKnownFileType</key>
			<string>sourcecode.c.objc</string>
			<key>path</key>
			<string>SWGSetting.m</string>
			<key>sourceTree</key>
			<string>&lt;group&gt;</string>
		</dict>
		<key>EAE02406196E828B00964A4A</key>
		<dict>
			<key>fileEncoding</key>
			<string>4</string>
			<key>isa</key>
			<string>PBXFileReference</string>
			<key>lastKnownFileType</key>
			<string>sourcecode.c.h</string>
			<key>path</key>
			<string>SWGToken.h</string>
			<key>sourceTree</key>
			<string>&lt;group&gt;</string>
		</dict>
		<key>EAE02407196E828B00964A4A</key>
		<dict>
			<key>fileEncoding</key>
			<string>4</string>
			<key>isa</key>
			<string>PBXFileReference</string>
			<key>lastKnownFileType</key>
			<string>sourcecode.c.objc</string>
			<key>path</key>
			<string>SWGToken.m</string>
			<key>sourceTree</key>
			<string>&lt;group&gt;</string>
		</dict>
		<key>EAE02408196E828B00964A4A</key>
		<dict>
			<key>fileEncoding</key>
			<string>4</string>
			<key>isa</key>
			<string>PBXFileReference</string>
			<key>lastKnownFileType</key>
			<string>sourcecode.c.h</string>
			<key>path</key>
			<string>SWGUser.h</string>
			<key>sourceTree</key>
			<string>&lt;group&gt;</string>
		</dict>
		<key>EAE02409196E828B00964A4A</key>
		<dict>
			<key>fileEncoding</key>
			<string>4</string>
			<key>isa</key>
			<string>PBXFileReference</string>
			<key>lastKnownFileType</key>
			<string>sourcecode.c.objc</string>
			<key>path</key>
			<string>SWGUser.m</string>
			<key>sourceTree</key>
			<string>&lt;group&gt;</string>
		</dict>
		<key>EAE0240A196E828B00964A4A</key>
		<dict>
			<key>fileEncoding</key>
			<string>4</string>
			<key>isa</key>
			<string>PBXFileReference</string>
			<key>lastKnownFileType</key>
			<string>sourcecode.c.h</string>
			<key>path</key>
			<string>SWGV1Api.h</string>
			<key>sourceTree</key>
			<string>&lt;group&gt;</string>
		</dict>
		<key>EAE0240B196E828B00964A4A</key>
		<dict>
			<key>fileEncoding</key>
			<string>4</string>
			<key>isa</key>
			<string>PBXFileReference</string>
			<key>lastKnownFileType</key>
			<string>sourcecode.c.objc</string>
			<key>path</key>
			<string>SWGV1Api.m</string>
			<key>sourceTree</key>
			<string>&lt;group&gt;</string>
		</dict>
		<key>EAE0240C196E828B00964A4A</key>
		<dict>
			<key>fileEncoding</key>
			<string>4</string>
			<key>isa</key>
			<string>PBXFileReference</string>
			<key>lastKnownFileType</key>
			<string>sourcecode.c.h</string>
			<key>path</key>
			<string>SWGWorkflow.h</string>
			<key>sourceTree</key>
			<string>&lt;group&gt;</string>
		</dict>
		<key>EAE0240D196E828B00964A4A</key>
		<dict>
			<key>fileEncoding</key>
			<string>4</string>
			<key>isa</key>
			<string>PBXFileReference</string>
			<key>lastKnownFileType</key>
			<string>sourcecode.c.objc</string>
			<key>path</key>
			<string>SWGWorkflow.m</string>
			<key>sourceTree</key>
			<string>&lt;group&gt;</string>
		</dict>
		<key>EAE02410196E828B00964A4A</key>
		<dict>
			<key>fileRef</key>
			<string>EAE023DB196E828A00964A4A</string>
			<key>isa</key>
			<string>PBXBuildFile</string>
		</dict>
		<key>EAE02411196E828B00964A4A</key>
		<dict>
			<key>fileRef</key>
			<string>EAE023DB196E828A00964A4A</string>
			<key>isa</key>
			<string>PBXBuildFile</string>
		</dict>
		<key>EAE02412196E828B00964A4A</key>
		<dict>
			<key>fileRef</key>
			<string>EAE023DD196E828A00964A4A</string>
			<key>isa</key>
			<string>PBXBuildFile</string>
		</dict>
		<key>EAE02413196E828B00964A4A</key>
		<dict>
			<key>fileRef</key>
			<string>EAE023DD196E828A00964A4A</string>
			<key>isa</key>
			<string>PBXBuildFile</string>
		</dict>
		<key>EAE02414196E828B00964A4A</key>
		<dict>
			<key>fileRef</key>
			<string>EAE023DF196E828A00964A4A</string>
			<key>isa</key>
			<string>PBXBuildFile</string>
		</dict>
		<key>EAE02415196E828B00964A4A</key>
		<dict>
			<key>fileRef</key>
			<string>EAE023DF196E828A00964A4A</string>
			<key>isa</key>
			<string>PBXBuildFile</string>
		</dict>
		<key>EAE02416196E828B00964A4A</key>
		<dict>
			<key>fileRef</key>
			<string>EAE023E1196E828A00964A4A</string>
			<key>isa</key>
			<string>PBXBuildFile</string>
		</dict>
		<key>EAE02417196E828B00964A4A</key>
		<dict>
			<key>fileRef</key>
			<string>EAE023E1196E828A00964A4A</string>
			<key>isa</key>
			<string>PBXBuildFile</string>
		</dict>
		<key>EAE02418196E828B00964A4A</key>
		<dict>
			<key>fileRef</key>
			<string>EAE023E3196E828A00964A4A</string>
			<key>isa</key>
			<string>PBXBuildFile</string>
		</dict>
		<key>EAE02419196E828B00964A4A</key>
		<dict>
			<key>fileRef</key>
			<string>EAE023E3196E828A00964A4A</string>
			<key>isa</key>
			<string>PBXBuildFile</string>
		</dict>
		<key>EAE0241A196E828B00964A4A</key>
		<dict>
			<key>fileRef</key>
			<string>EAE023E5196E828A00964A4A</string>
			<key>isa</key>
			<string>PBXBuildFile</string>
		</dict>
		<key>EAE0241B196E828B00964A4A</key>
		<dict>
			<key>fileRef</key>
			<string>EAE023E5196E828A00964A4A</string>
			<key>isa</key>
			<string>PBXBuildFile</string>
		</dict>
		<key>EAE0241C196E828B00964A4A</key>
		<dict>
			<key>fileRef</key>
			<string>EAE023E7196E828A00964A4A</string>
			<key>isa</key>
			<string>PBXBuildFile</string>
		</dict>
		<key>EAE0241D196E828B00964A4A</key>
		<dict>
			<key>fileRef</key>
			<string>EAE023E7196E828A00964A4A</string>
			<key>isa</key>
			<string>PBXBuildFile</string>
		</dict>
		<key>EAE0241E196E828B00964A4A</key>
		<dict>
			<key>fileRef</key>
			<string>EAE023E9196E828A00964A4A</string>
			<key>isa</key>
			<string>PBXBuildFile</string>
		</dict>
		<key>EAE0241F196E828B00964A4A</key>
		<dict>
			<key>fileRef</key>
			<string>EAE023E9196E828A00964A4A</string>
			<key>isa</key>
			<string>PBXBuildFile</string>
		</dict>
		<key>EAE02420196E828B00964A4A</key>
		<dict>
			<key>fileRef</key>
			<string>EAE023EB196E828A00964A4A</string>
			<key>isa</key>
			<string>PBXBuildFile</string>
		</dict>
		<key>EAE02421196E828B00964A4A</key>
		<dict>
			<key>fileRef</key>
			<string>EAE023EB196E828A00964A4A</string>
			<key>isa</key>
			<string>PBXBuildFile</string>
		</dict>
		<key>EAE02422196E828B00964A4A</key>
		<dict>
			<key>fileRef</key>
			<string>EAE023ED196E828A00964A4A</string>
			<key>isa</key>
			<string>PBXBuildFile</string>
		</dict>
		<key>EAE02423196E828B00964A4A</key>
		<dict>
			<key>fileRef</key>
			<string>EAE023ED196E828A00964A4A</string>
			<key>isa</key>
			<string>PBXBuildFile</string>
		</dict>
		<key>EAE02424196E828B00964A4A</key>
		<dict>
			<key>fileRef</key>
			<string>EAE023EF196E828A00964A4A</string>
			<key>isa</key>
			<string>PBXBuildFile</string>
		</dict>
		<key>EAE02425196E828B00964A4A</key>
		<dict>
			<key>fileRef</key>
			<string>EAE023EF196E828A00964A4A</string>
			<key>isa</key>
			<string>PBXBuildFile</string>
		</dict>
		<key>EAE02426196E828B00964A4A</key>
		<dict>
			<key>fileRef</key>
			<string>EAE023F1196E828A00964A4A</string>
			<key>isa</key>
			<string>PBXBuildFile</string>
		</dict>
		<key>EAE02427196E828B00964A4A</key>
		<dict>
			<key>fileRef</key>
			<string>EAE023F1196E828A00964A4A</string>
			<key>isa</key>
			<string>PBXBuildFile</string>
		</dict>
		<key>EAE02428196E828B00964A4A</key>
		<dict>
			<key>fileRef</key>
			<string>EAE023F3196E828A00964A4A</string>
			<key>isa</key>
			<string>PBXBuildFile</string>
		</dict>
		<key>EAE02429196E828B00964A4A</key>
		<dict>
			<key>fileRef</key>
			<string>EAE023F3196E828A00964A4A</string>
			<key>isa</key>
			<string>PBXBuildFile</string>
		</dict>
		<key>EAE0242A196E828B00964A4A</key>
		<dict>
			<key>fileRef</key>
			<string>EAE023F5196E828A00964A4A</string>
			<key>isa</key>
			<string>PBXBuildFile</string>
		</dict>
		<key>EAE0242B196E828B00964A4A</key>
		<dict>
			<key>fileRef</key>
			<string>EAE023F5196E828A00964A4A</string>
			<key>isa</key>
			<string>PBXBuildFile</string>
		</dict>
		<key>EAE0242C196E828B00964A4A</key>
		<dict>
			<key>fileRef</key>
			<string>EAE023F7196E828A00964A4A</string>
			<key>isa</key>
			<string>PBXBuildFile</string>
		</dict>
		<key>EAE0242D196E828B00964A4A</key>
		<dict>
			<key>fileRef</key>
			<string>EAE023F7196E828A00964A4A</string>
			<key>isa</key>
			<string>PBXBuildFile</string>
		</dict>
		<key>EAE0242E196E828B00964A4A</key>
		<dict>
			<key>fileRef</key>
			<string>EAE023F9196E828A00964A4A</string>
			<key>isa</key>
			<string>PBXBuildFile</string>
		</dict>
		<key>EAE0242F196E828B00964A4A</key>
		<dict>
			<key>fileRef</key>
			<string>EAE023F9196E828A00964A4A</string>
			<key>isa</key>
			<string>PBXBuildFile</string>
		</dict>
		<key>EAE02430196E828B00964A4A</key>
		<dict>
			<key>fileRef</key>
			<string>EAE023FB196E828A00964A4A</string>
			<key>isa</key>
			<string>PBXBuildFile</string>
		</dict>
		<key>EAE02431196E828B00964A4A</key>
		<dict>
			<key>fileRef</key>
			<string>EAE023FB196E828A00964A4A</string>
			<key>isa</key>
			<string>PBXBuildFile</string>
		</dict>
		<key>EAE02432196E828B00964A4A</key>
		<dict>
			<key>fileRef</key>
			<string>EAE023FD196E828A00964A4A</string>
			<key>isa</key>
			<string>PBXBuildFile</string>
		</dict>
		<key>EAE02433196E828B00964A4A</key>
		<dict>
			<key>fileRef</key>
			<string>EAE023FD196E828A00964A4A</string>
			<key>isa</key>
			<string>PBXBuildFile</string>
		</dict>
		<key>EAE02434196E828B00964A4A</key>
		<dict>
			<key>fileRef</key>
			<string>EAE023FF196E828A00964A4A</string>
			<key>isa</key>
			<string>PBXBuildFile</string>
		</dict>
		<key>EAE02435196E828B00964A4A</key>
		<dict>
			<key>fileRef</key>
			<string>EAE023FF196E828A00964A4A</string>
			<key>isa</key>
			<string>PBXBuildFile</string>
		</dict>
		<key>EAE02436196E828B00964A4A</key>
		<dict>
			<key>fileRef</key>
			<string>EAE02401196E828A00964A4A</string>
			<key>isa</key>
			<string>PBXBuildFile</string>
		</dict>
		<key>EAE02437196E828B00964A4A</key>
		<dict>
			<key>fileRef</key>
			<string>EAE02401196E828A00964A4A</string>
			<key>isa</key>
			<string>PBXBuildFile</string>
		</dict>
		<key>EAE02438196E828B00964A4A</key>
		<dict>
			<key>fileRef</key>
			<string>EAE02403196E828A00964A4A</string>
			<key>isa</key>
			<string>PBXBuildFile</string>
		</dict>
		<key>EAE02439196E828B00964A4A</key>
		<dict>
			<key>fileRef</key>
			<string>EAE02403196E828A00964A4A</string>
			<key>isa</key>
			<string>PBXBuildFile</string>
		</dict>
		<key>EAE0243A196E828B00964A4A</key>
		<dict>
			<key>fileRef</key>
			<string>EAE02405196E828B00964A4A</string>
			<key>isa</key>
			<string>PBXBuildFile</string>
		</dict>
		<key>EAE0243B196E828B00964A4A</key>
		<dict>
			<key>fileRef</key>
			<string>EAE02405196E828B00964A4A</string>
			<key>isa</key>
			<string>PBXBuildFile</string>
		</dict>
		<key>EAE0243C196E828B00964A4A</key>
		<dict>
			<key>fileRef</key>
			<string>EAE02407196E828B00964A4A</string>
			<key>isa</key>
			<string>PBXBuildFile</string>
		</dict>
		<key>EAE0243D196E828B00964A4A</key>
		<dict>
			<key>fileRef</key>
			<string>EAE02407196E828B00964A4A</string>
			<key>isa</key>
			<string>PBXBuildFile</string>
		</dict>
		<key>EAE0243E196E828B00964A4A</key>
		<dict>
			<key>fileRef</key>
			<string>EAE02409196E828B00964A4A</string>
			<key>isa</key>
			<string>PBXBuildFile</string>
		</dict>
		<key>EAE0243F196E828B00964A4A</key>
		<dict>
			<key>fileRef</key>
			<string>EAE02409196E828B00964A4A</string>
			<key>isa</key>
			<string>PBXBuildFile</string>
		</dict>
		<key>EAE02440196E828B00964A4A</key>
		<dict>
			<key>fileRef</key>
			<string>EAE0240B196E828B00964A4A</string>
			<key>isa</key>
			<string>PBXBuildFile</string>
		</dict>
		<key>EAE02441196E828B00964A4A</key>
		<dict>
			<key>fileRef</key>
			<string>EAE0240B196E828B00964A4A</string>
			<key>isa</key>
			<string>PBXBuildFile</string>
		</dict>
		<key>EAE02442196E828B00964A4A</key>
		<dict>
			<key>fileRef</key>
			<string>EAE0240D196E828B00964A4A</string>
			<key>isa</key>
			<string>PBXBuildFile</string>
		</dict>
		<key>EAE02443196E828B00964A4A</key>
		<dict>
			<key>fileRef</key>
			<string>EAE0240D196E828B00964A4A</string>
			<key>isa</key>
			<string>PBXBuildFile</string>
		</dict>
	</dict>
	<key>rootObject</key>
	<string>EAE0239E196E811F00964A4A</string>
</dict>
</plist>
